
Microsoft Visual Studio Solution File, Format Version 12.00
# Visual Studio 14
VisualStudioVersion = 14.0.25420.1
MinimumVisualStudioVersion = 10.0.40219.1
Project("{FAE04EC0-301F-11D3-BF4B-00C04F79EFBC}") = "Listing01", "Chapter02\Listing01\Listing01.csproj", "{5C2C4665-B3BA-4616-9194-35C17EB935C7}"
EndProject
Project("{FAE04EC0-301F-11D3-BF4B-00C04F79EFBC}") = "Listing02", "Chapter02\Listing02\Listing02.csproj", "{CB0572BC-E349-431D-854E-9A5E8FBAB707}"
EndProject
Project("{FAE04EC0-301F-11D3-BF4B-00C04F79EFBC}") = "Listing03", "Chapter02\Listing03\Listing03.csproj", "{218FD641-95A4-4C83-87AE-AF2409EE1A16}"
EndProject
Project("{FAE04EC0-301F-11D3-BF4B-00C04F79EFBC}") = "Listing04", "Chapter02\Listing04\Listing04.csproj", "{4D00E0FD-260A-4B5D-96CF-9D52876AC7E9}"
EndProject
Project("{FAE04EC0-301F-11D3-BF4B-00C04F79EFBC}") = "Listing05", "Chapter02\Listing05\Listing05.csproj", "{548A9CDA-6148-4B5D-9EAB-EC7385F99D40}"
EndProject
Project("{FAE04EC0-301F-11D3-BF4B-00C04F79EFBC}") = "Listing06", "Chapter02\Listing06\Listing06.csproj", "{7469D3D7-D1AF-4D92-B824-DA9C0FB2604C}"
EndProject
Project("{FAE04EC0-301F-11D3-BF4B-00C04F79EFBC}") = "Listing07", "Chapter02\Listing07\Listing07.csproj", "{1DCC5267-E3F6-40B1-AC80-F72E7CC32C95}"
EndProject
Project("{FAE04EC0-301F-11D3-BF4B-00C04F79EFBC}") = "Listing08", "Chapter02\Listing08\Listing08.csproj", "{3278A922-386B-4A9E-BA8B-6D3A25792BAA}"
EndProject
Project("{FAE04EC0-301F-11D3-BF4B-00C04F79EFBC}") = "Listing09", "Chapter02\Listing09\Listing09.csproj", "{05E843AD-E1EF-4665-885E-1F76F62705CE}"
EndProject
Project("{FAE04EC0-301F-11D3-BF4B-00C04F79EFBC}") = "Listing10", "Chapter02\Listing10\Listing10.csproj", "{7EC2F8F5-869C-4F40-BEEB-E89C49E7D2FC}"
EndProject
Project("{FAE04EC0-301F-11D3-BF4B-00C04F79EFBC}") = "Listing11", "Chapter02\Listing11\Listing11.csproj", "{DF0A77E8-3B14-46AB-8A58-4BC98D503721}"
EndProject
Project("{FAE04EC0-301F-11D3-BF4B-00C04F79EFBC}") = "Listing12", "Chapter02\Listing12\Listing12.csproj", "{DCE66F44-2FEE-4E2F-9260-678F2D90F9E0}"
EndProject
Project("{FAE04EC0-301F-11D3-BF4B-00C04F79EFBC}") = "Listing13", "Chapter02\Listing13\Listing13.csproj", "{A2054C31-0644-458F-B362-8D747319210B}"
EndProject
Project("{FAE04EC0-301F-11D3-BF4B-00C04F79EFBC}") = "Listing14", "Chapter02\Listing14\Listing14.csproj", "{BE49F485-5DE1-447D-8D6E-A490DF6F1B03}"
EndProject
Project("{FAE04EC0-301F-11D3-BF4B-00C04F79EFBC}") = "Listing15", "Chapter02\Listing15\Listing15.csproj", "{12CFC389-C816-4B5E-81AA-8EE2DF19FD68}"
EndProject
Project("{FAE04EC0-301F-11D3-BF4B-00C04F79EFBC}") = "Listing16", "Chapter02\Listing16\Listing16.csproj", "{1B93DE94-CDAE-4288-9F75-DA8867BF246E}"
EndProject
Project("{FAE04EC0-301F-11D3-BF4B-00C04F79EFBC}") = "Listing17", "Chapter02\Listing17\Listing17.csproj", "{B070EE67-8EBF-455D-B41A-C1043DF14B76}"
EndProject
Project("{FAE04EC0-301F-11D3-BF4B-00C04F79EFBC}") = "Listing18", "Chapter02\Listing18\Listing18.csproj", "{C8645090-1A02-42B1-AE83-B6B6A769C66E}"
EndProject
Project("{FAE04EC0-301F-11D3-BF4B-00C04F79EFBC}") = "Listing19", "Chapter02\Listing19\Listing19.csproj", "{3CA87527-8793-44C7-9397-DB2A836B2606}"
EndProject
Project("{FAE04EC0-301F-11D3-BF4B-00C04F79EFBC}") = "Listing20", "Chapter02\Listing20\Listing20.csproj", "{5840F541-238B-4C81-9C0C-9DE447A6C267}"
EndProject
Project("{FAE04EC0-301F-11D3-BF4B-00C04F79EFBC}") = "Listing21", "Chapter02\Listing21\Listing21.csproj", "{651CBD92-9E00-4C87-BE87-DD63B97C2D2F}"
EndProject
Project("{FAE04EC0-301F-11D3-BF4B-00C04F79EFBC}") = "Listing22", "Chapter02\Listing22\Listing22.csproj", "{AE595904-B7CB-42C2-8F32-EE5D545990D6}"
EndProject
Project("{FAE04EC0-301F-11D3-BF4B-00C04F79EFBC}") = "Listing23", "Chapter02\Listing23\Listing23.csproj", "{7633541B-3E13-4F41-8EF1-52581DC6716A}"
EndProject
Project("{FAE04EC0-301F-11D3-BF4B-00C04F79EFBC}") = "Dependency_Deadlock", "Chapter02\Dependency_Deadlock\Dependency_Deadlock.csproj", "{E7EEF721-345F-4576-B410-9ADAFEDC286F}"
EndProject
Project("{FAE04EC0-301F-11D3-BF4B-00C04F79EFBC}") = "Local_Variable_Evaluation", "Chapter02\Local_Variable_Evaluation\Local_Variable_Evaluation.csproj", "{D0C22558-D9AF-4781-A166-BA70C12CC5D5}"
EndProject
Project("{FAE04EC0-301F-11D3-BF4B-00C04F79EFBC}") = "Excessive_Spinning", "Chapter02\Excessive_Spinning\Excessive_Spinning.csproj", "{A89B8FB3-4ADB-4516-B749-F9BF57A52455}"
EndProject
Project("{2150E333-8FDC-42A3-9474-1A3956D46DE8}") = "Chapter02", "Chapter02", "{11B59028-DE46-466F-97F3-7ED79E78DC71}"
EndProject
Project("{2150E333-8FDC-42A3-9474-1A3956D46DE8}") = "Chapter03", "Chapter03", "{66C117D6-AE02-4FF7-BF26-AE19B8AEC746}"
EndProject
Project("{FAE04EC0-301F-11D3-BF4B-00C04F79EFBC}") = "Listing01", "Chapter03\Listing01\Listing01.csproj", "{CC2D9E59-7174-4658-9AA0-1111DA8938CB}"
EndProject
Project("{FAE04EC0-301F-11D3-BF4B-00C04F79EFBC}") = "Listing02", "Chapter03\Listing02\Listing02.csproj", "{0B9EC8B2-4422-4708-B685-798531D4C336}"
EndProject
Project("{FAE04EC0-301F-11D3-BF4B-00C04F79EFBC}") = "Listing03", "Chapter03\Listing03\Listing03.csproj", "{D2B0C839-0C8E-42BB-9AF3-F904CA6B7959}"
EndProject
Project("{FAE04EC0-301F-11D3-BF4B-00C04F79EFBC}") = "Listing04", "Chapter03\Listing04\Listing04.csproj", "{4873F331-C58D-4211-98C8-FAB56143976D}"
EndProject
Project("{FAE04EC0-301F-11D3-BF4B-00C04F79EFBC}") = "Listing05", "Chapter03\Listing05\Listing05.csproj", "{8855D1DC-1397-45A9-AC45-3E46C8F85BBC}"
EndProject
Project("{FAE04EC0-301F-11D3-BF4B-00C04F79EFBC}") = "Listing06", "Chapter03\Listing06\Listing06.csproj", "{B53CC596-2701-40FF-B53F-DBC8B5A8A0D5}"
EndProject
Project("{FAE04EC0-301F-11D3-BF4B-00C04F79EFBC}") = "Listing07", "Chapter03\Listing07\Listing07.csproj", "{DA1FD7E2-C36B-4D0F-B8C5-418F801AB3BC}"
EndProject
Project("{FAE04EC0-301F-11D3-BF4B-00C04F79EFBC}") = "Listing08", "Chapter03\Listing08\Listing08.csproj", "{706B9A96-7151-4E8B-973C-9309B884EDB3}"
EndProject
Project("{FAE04EC0-301F-11D3-BF4B-00C04F79EFBC}") = "Listing09", "Chapter03\Listing09\Listing09.csproj", "{3FFCBE3A-B6A0-4F2C-B965-EF61195FFFD7}"
EndProject
Project("{FAE04EC0-301F-11D3-BF4B-00C04F79EFBC}") = "Listing10", "Chapter03\Listing10\Listing10.csproj", "{CBFDFA29-BA50-4311-B861-EDADCC4D0767}"
EndProject
Project("{FAE04EC0-301F-11D3-BF4B-00C04F79EFBC}") = "Listing11", "Chapter03\Listing11\Listing11.csproj", "{5AB7DFF7-3291-4529-BE71-CC386C4F8C19}"
EndProject
Project("{FAE04EC0-301F-11D3-BF4B-00C04F79EFBC}") = "Listing12", "Chapter03\Listing12\Listing12.csproj", "{5C8BF407-353A-4408-85C1-A6E3F73C6E55}"
EndProject
Project("{FAE04EC0-301F-11D3-BF4B-00C04F79EFBC}") = "Listing13", "Chapter03\Listing13\Listing13.csproj", "{FF0D0129-E4E5-4CC6-9D46-480619F87F85}"
EndProject
Project("{FAE04EC0-301F-11D3-BF4B-00C04F79EFBC}") = "Listing14", "Chapter03\Listing14\Listing14.csproj", "{5CA8430E-DCF9-4279-A3C9-38013B6903C7}"
EndProject
Project("{FAE04EC0-301F-11D3-BF4B-00C04F79EFBC}") = "Listing15", "Chapter03\Listing15\Listing15.csproj", "{FBE8D3DF-0D27-476F-A332-57A651AEF86A}"
EndProject
Project("{FAE04EC0-301F-11D3-BF4B-00C04F79EFBC}") = "Listing16", "Chapter03\Listing16\Listing16.csproj", "{A86FE5B3-093C-4B15-BFCC-1D4BE21F26B2}"
EndProject
Project("{FAE04EC0-301F-11D3-BF4B-00C04F79EFBC}") = "Listing17", "Chapter03\Listing17\Listing17.csproj", "{3D31F005-EF2F-4E97-89E8-C0151482F06D}"
EndProject
Project("{FAE04EC0-301F-11D3-BF4B-00C04F79EFBC}") = "Listing18", "Chapter03\Listing18\Listing18.csproj", "{D3939E08-1A81-44B4-BB44-650323BADBBE}"
EndProject
Project("{FAE04EC0-301F-11D3-BF4B-00C04F79EFBC}") = "Listing19", "Chapter03\Listing19\Listing19.csproj", "{AFE1121D-0678-4B3F-BEB3-3770C3B5519C}"
EndProject
Project("{FAE04EC0-301F-11D3-BF4B-00C04F79EFBC}") = "Listing20", "Chapter03\Listing20\Listing20.csproj", "{AD79E163-C159-43FC-B5F8-20ED60E8EDA5}"
EndProject
Project("{FAE04EC0-301F-11D3-BF4B-00C04F79EFBC}") = "Listing21", "Chapter03\Listing21\Listing21.csproj", "{CCD81127-8C2C-4A32-9D10-82EE59FD542E}"
EndProject
Project("{FAE04EC0-301F-11D3-BF4B-00C04F79EFBC}") = "Listing22", "Chapter03\Listing22\Listing22.csproj", "{7E0E0D7C-466E-4851-B493-F254BFEE64E7}"
EndProject
Project("{FAE04EC0-301F-11D3-BF4B-00C04F79EFBC}") = "Listing23", "Chapter03\Listing23\Listing23.csproj", "{16E2026D-6968-40E0-A9A8-924DB0F15526}"
EndProject
Project("{FAE04EC0-301F-11D3-BF4B-00C04F79EFBC}") = "Mistaken_Immutability", "Chapter03\Mistaken_Immutability\Mistaken_Immutability.csproj", "{B0F96BB3-2914-49E3-8A1E-B40E4A6498D5}"
EndProject
Project("{FAE04EC0-301F-11D3-BF4B-00C04F79EFBC}") = "Multiple_Locks", "Chapter03\Multiple_Locks\Multiple_Locks.csproj", "{3B8F0903-78B7-45FA-8F4B-B4642937636E}"
EndProject
Project("{FAE04EC0-301F-11D3-BF4B-00C04F79EFBC}") = "Lock_Acquisition_Order", "Chapter03\Lock_Acquisition_Order\Lock_Acquisition_Order.csproj", "{79B46D3A-DF58-4A59-8808-B6A106472BCF}"
EndProject
Project("{FAE04EC0-301F-11D3-BF4B-00C04F79EFBC}") = "Orphaned_Locks", "Chapter03\Orphaned_Locks\Orphaned_Locks.csproj", "{842C8D34-A4C6-45BD-A31A-CBDFFFA4876A}"
EndProject
Project("{2150E333-8FDC-42A3-9474-1A3956D46DE8}") = "Chapter04", "Chapter04", "{BA36C951-359A-400D-A713-6E44F1241C9C}"
EndProject
Project("{FAE04EC0-301F-11D3-BF4B-00C04F79EFBC}") = "Listing01", "Chapter04\Listing01\Listing01.csproj", "{F2D8BE40-4E46-4B21-A3B6-9349FD6D6DB1}"
EndProject
Project("{FAE04EC0-301F-11D3-BF4B-00C04F79EFBC}") = "Listing02", "Chapter04\Listing02\Listing02.csproj", "{B9986A5B-5FB8-4F2B-885A-759025A0C648}"
EndProject
Project("{FAE04EC0-301F-11D3-BF4B-00C04F79EFBC}") = "Listing03", "Chapter04\Listing03\Listing03.csproj", "{5618DF2E-AC17-4AF3-B94C-EE0426DEF2F3}"
EndProject
Project("{FAE04EC0-301F-11D3-BF4B-00C04F79EFBC}") = "Listing04", "Chapter04\Listing04\Listing04.csproj", "{88F3DE7B-B8E7-4626-8741-327EF6892D64}"
EndProject
Project("{FAE04EC0-301F-11D3-BF4B-00C04F79EFBC}") = "Listing05", "Chapter04\Listing05\Listing05.csproj", "{1B4727DE-82FD-4AB1-8AF2-C5EFAD133053}"
EndProject
Project("{FAE04EC0-301F-11D3-BF4B-00C04F79EFBC}") = "Listing06", "Chapter04\Listing06\Listing06.csproj", "{91FC71BE-49CD-4418-B77A-1AF49ACBCCA8}"
EndProject
Project("{FAE04EC0-301F-11D3-BF4B-00C04F79EFBC}") = "Listing07", "Chapter04\Listing07\Listing07.csproj", "{19F8CCB3-BCB0-426D-8D20-86023CA0588D}"
EndProject
Project("{FAE04EC0-301F-11D3-BF4B-00C04F79EFBC}") = "Listing08", "Chapter04\Listing08\Listing08.csproj", "{51BBED63-1DF7-4EBD-B7A0-8AAB1980BC25}"
EndProject
Project("{FAE04EC0-301F-11D3-BF4B-00C04F79EFBC}") = "Listing09", "Chapter04\Listing09\Listing09.csproj", "{53892B65-C2D5-48E6-8650-7EDCA6D6ACBB}"
EndProject
Project("{FAE04EC0-301F-11D3-BF4B-00C04F79EFBC}") = "Listing10", "Chapter04\Listing10\Listing10.csproj", "{C37E0778-CCBB-414B-95D0-BCA5BD26F768}"
EndProject
Project("{FAE04EC0-301F-11D3-BF4B-00C04F79EFBC}") = "Listing11", "Chapter04\Listing11\Listing11.csproj", "{E60D1C34-94AB-430B-AF0F-2079CBF2105B}"
EndProject
Project("{FAE04EC0-301F-11D3-BF4B-00C04F79EFBC}") = "Listing12", "Chapter04\Listing12\Listing12.csproj", "{A26EC301-30DF-4F54-98D3-7204753F9146}"
EndProject
Project("{FAE04EC0-301F-11D3-BF4B-00C04F79EFBC}") = "Listing13", "Chapter04\Listing13\Listing13.csproj", "{4CD24C04-ACBD-4FD2-897D-554F708CB51D}"
EndProject
Project("{FAE04EC0-301F-11D3-BF4B-00C04F79EFBC}") = "Listing14", "Chapter04\Listing14\Listing14.csproj", "{298FE517-545D-4FE0-953E-571D97C5E0C5}"
EndProject
Project("{FAE04EC0-301F-11D3-BF4B-00C04F79EFBC}") = "Listing15", "Chapter04\Listing15\Listing15.csproj", "{A6FB9665-EF5C-439D-9D80-8C13DC7E8A20}"
EndProject
Project("{FAE04EC0-301F-11D3-BF4B-00C04F79EFBC}") = "Listing16", "Chapter04\Listing16\Listing16.csproj", "{96A59735-8E4D-42B3-B8A4-2CBAA2C73830}"
EndProject
Project("{FAE04EC0-301F-11D3-BF4B-00C04F79EFBC}") = "Listing17", "Chapter04\Listing17\Listing17.csproj", "{5200A54B-D9F0-4AD9-909C-A979A3A85937}"
EndProject
Project("{FAE04EC0-301F-11D3-BF4B-00C04F79EFBC}") = "Listing18", "Chapter04\Listing18\Listing18.csproj", "{3BCD3CBB-998E-4793-97D0-C62BB29F513B}"
EndProject
Project("{FAE04EC0-301F-11D3-BF4B-00C04F79EFBC}") = "Listing19", "Chapter04\Listing19\Listing19.csproj", "{B5E3168E-BA98-4DE9-9978-4DC6900CDA24}"
EndProject
Project("{FAE04EC0-301F-11D3-BF4B-00C04F79EFBC}") = "Listing20", "Chapter04\Listing20\Listing20.csproj", "{39F84677-C291-45FC-8C45-73274CE8CBC7}"
EndProject
Project("{FAE04EC0-301F-11D3-BF4B-00C04F79EFBC}") = "Listing21", "Chapter04\Listing21\Listing21.csproj", "{B8E0FE3F-C970-4050-AF8A-2F1E16DD76F6}"
EndProject
Project("{FAE04EC0-301F-11D3-BF4B-00C04F79EFBC}") = "Listing22", "Chapter04\Listing22\Listing22.csproj", "{BDB3CC03-DCC1-432D-B4CF-2DA7F6F595B5}"
EndProject
Project("{FAE04EC0-301F-11D3-BF4B-00C04F79EFBC}") = "Inconsistent_Cancellation", "Chapter04\Inconsistent_Cancellation\Inconsistent_Cancellation.csproj", "{9C68F61C-DB51-4FC3-81CE-D1B9D6707C96}"
EndProject
Project("{FAE04EC0-301F-11D3-BF4B-00C04F79EFBC}") = "Assuming_WaitAny_Status", "Chapter04\Assuming_WaitAny_Status\Assuming_WaitAny_Status.csproj", "{050184FE-9238-40C3-9715-6A23B33E029A}"
EndProject
Project("{FAE04EC0-301F-11D3-BF4B-00C04F79EFBC}") = "Trying_To_Take_Concurrently", "Chapter04\Trying_To_Take_Concurrently\Trying_To_Take_Concurrently.csproj", "{33947E0D-DF4D-4DB8-8F90-5506F45AF1A2}"
EndProject
Project("{FAE04EC0-301F-11D3-BF4B-00C04F79EFBC}") = "Reusing_Objects_in_Producers", "Chapter04\Reusing_Objects_in_Producers\Reusing_Objects_in_Producers.csproj", "{E40BD063-1ABB-4BEC-AC99-477E49CAC204}"
EndProject
Project("{FAE04EC0-301F-11D3-BF4B-00C04F79EFBC}") = "Using_BlockingCollection_as_IEnum", "Chapter04\Using_BlockingCollection_as_IEnum\Using_BlockingCollection_as_IEnum.csproj", "{818E893E-3C2C-450B-9840-E151ECBFD994}"
EndProject
Project("{FAE04EC0-301F-11D3-BF4B-00C04F79EFBC}") = "Deadlocked_Task_Scheduler", "Chapter04\Deadlocked_Task_Scheduler\Deadlocked_Task_Scheduler.csproj", "{E9EE4B15-6BE0-479A-869B-685D22BA3D11}"
EndProject
Project("{2150E333-8FDC-42A3-9474-1A3956D46DE8}") = "Chapter05", "Chapter05", "{3691184E-FBE4-4A69-BC20-8A58F4704429}"
EndProject
Project("{FAE04EC0-301F-11D3-BF4B-00C04F79EFBC}") = "Listing01", "Chapter05\Listing01\Listing01.csproj", "{76F7F17D-8714-4683-A9D4-BAF2E096BC62}"
EndProject
Project("{FAE04EC0-301F-11D3-BF4B-00C04F79EFBC}") = "Listing02", "Chapter05\Listing02\Listing02.csproj", "{D92A9BB2-321F-4B94-8798-37F8115F050F}"
EndProject
Project("{FAE04EC0-301F-11D3-BF4B-00C04F79EFBC}") = "Listing03", "Chapter05\Listing03\Listing03.csproj", "{969E373A-FA26-49FB-80EC-8FADF95CABDA}"
EndProject
Project("{FAE04EC0-301F-11D3-BF4B-00C04F79EFBC}") = "Listing04", "Chapter05\Listing04\Listing04.csproj", "{FCE8E4CC-C3D2-4EB0-AD45-DD1217B08B76}"
EndProject
Project("{FAE04EC0-301F-11D3-BF4B-00C04F79EFBC}") = "Listing05", "Chapter05\Listing05\Listing05.csproj", "{1A0BD734-8C6F-48D8-9E1A-7862DB03D3B5}"
EndProject
Project("{FAE04EC0-301F-11D3-BF4B-00C04F79EFBC}") = "Listing06", "Chapter05\Listing06\Listing06.csproj", "{9A8F1C05-C73A-4617-A332-22B4CE86BC0F}"
EndProject
Project("{FAE04EC0-301F-11D3-BF4B-00C04F79EFBC}") = "Listing07", "Chapter05\Listing07\Listing07.csproj", "{8238D942-94E3-4984-BB31-D5D0C779AE5E}"
EndProject
Project("{FAE04EC0-301F-11D3-BF4B-00C04F79EFBC}") = "Listing08", "Chapter05\Listing08\Listing08.csproj", "{BF15DB7A-4D4A-4BD1-8F99-3C2A4C847C10}"
EndProject
Project("{FAE04EC0-301F-11D3-BF4B-00C04F79EFBC}") = "Listing09", "Chapter05\Listing09\Listing09.csproj", "{093B634C-1D89-4547-8DF6-F8203150B123}"
EndProject
Project("{FAE04EC0-301F-11D3-BF4B-00C04F79EFBC}") = "Listing10", "Chapter05\Listing10\Listing10.csproj", "{E79C6073-7D6D-451E-AFDD-BA2ECAD18783}"
EndProject
Project("{FAE04EC0-301F-11D3-BF4B-00C04F79EFBC}") = "Listing11", "Chapter05\Listing11\Listing11.csproj", "{E2161CD7-F478-4445-BA33-4059B09D528C}"
EndProject
Project("{FAE04EC0-301F-11D3-BF4B-00C04F79EFBC}") = "Listing12", "Chapter05\Listing12\Listing12.csproj", "{90F58E2D-63E8-4717-A49F-241084C1F182}"
EndProject
Project("{FAE04EC0-301F-11D3-BF4B-00C04F79EFBC}") = "Listing13", "Chapter05\Listing13\Listing13.csproj", "{707D9651-1288-4DE7-9FB9-B056DDA9EA41}"
EndProject
Project("{FAE04EC0-301F-11D3-BF4B-00C04F79EFBC}") = "Listing14", "Chapter05\Listing14\Listing14.csproj", "{EC93E5C2-DFBE-47F2-8047-39285AA7000C}"
EndProject
Project("{FAE04EC0-301F-11D3-BF4B-00C04F79EFBC}") = "Listing15", "Chapter05\Listing15\Listing15.csproj", "{97091964-26E7-4228-B648-6285480CF192}"
EndProject
Project("{FAE04EC0-301F-11D3-BF4B-00C04F79EFBC}") = "Listing16", "Chapter05\Listing16\Listing16.csproj", "{27355495-112F-4494-9BDE-9C2A7A9E6714}"
EndProject
Project("{FAE04EC0-301F-11D3-BF4B-00C04F79EFBC}") = "Listing17-25", "Chapter05\Listing17-25\Listing17-25.csproj", "{9E8B98BD-5578-47FA-9585-3CABEAB48CAD}"
EndProject
Project("{FAE04EC0-301F-11D3-BF4B-00C04F79EFBC}") = "Listing26", "Chapter05\Listing26\Listing26.csproj", "{9A2D6DF1-3926-46F8-8852-7BCE7563A69C}"
EndProject
Project("{FAE04EC0-301F-11D3-BF4B-00C04F79EFBC}") = "Synchronization_in_Loop_Bodies", "Chapter05\Synchronization_in_Loop_Bodies\Synchronization_in_Loop_Bodies.csproj", "{BC3E89D4-5FDA-4FE0-BEF2-FA0C8D6D15A0}"
EndProject
Project("{FAE04EC0-301F-11D3-BF4B-00C04F79EFBC}") = "Loop_Body_Data_Races", "Chapter05\Loop_Body_Data_Races\Loop_Body_Data_Races.csproj", "{A6820DE0-50C2-4ADB-AD5E-A1FCC58D9EA5}"
EndProject
Project("{FAE04EC0-301F-11D3-BF4B-00C04F79EFBC}") = "Using_Standard_Collections", "Chapter05\Using_Standard_Collections\Using_Standard_Collections.csproj", "{37D3F1C1-8AA6-43BB-ABF7-BCF170663F97}"
EndProject
Project("{FAE04EC0-301F-11D3-BF4B-00C04F79EFBC}") = "Using_Changing_Data", "Chapter05\Using_Changing_Data\Using_Changing_Data.csproj", "{D9C1F2D9-D612-4E13-AD84-A2781FF5B3D1}"
EndProject
Project("{2150E333-8FDC-42A3-9474-1A3956D46DE8}") = "Chapter06", "Chapter06", "{2278FB33-1347-409F-BA54-9A4F94D9BB1C}"
EndProject
Project("{FAE04EC0-301F-11D3-BF4B-00C04F79EFBC}") = "Listing01", "Chapter06\Listing01\Listing01.csproj", "{53CE51D1-40DF-488D-8248-F57B0A38C659}"
EndProject
Project("{FAE04EC0-301F-11D3-BF4B-00C04F79EFBC}") = "Listing02", "Chapter06\Listing02\Listing02.csproj", "{082A9B3F-B1F1-46E3-9D38-B80EE919AD4C}"
EndProject
Project("{FAE04EC0-301F-11D3-BF4B-00C04F79EFBC}") = "Listing03", "Chapter06\Listing03\Listing03.csproj", "{9BDC3169-E912-420D-ACAF-787202175459}"
EndProject
Project("{FAE04EC0-301F-11D3-BF4B-00C04F79EFBC}") = "Listing04", "Chapter06\Listing04\Listing04.csproj", "{51DD702B-1708-4D98-941C-C4E28BA8DA15}"
EndProject
Project("{FAE04EC0-301F-11D3-BF4B-00C04F79EFBC}") = "Listing05", "Chapter06\Listing05\Listing05.csproj", "{D21CA411-82BB-4525-9B3F-5F8BF07448A9}"
EndProject
Project("{FAE04EC0-301F-11D3-BF4B-00C04F79EFBC}") = "Listing06", "Chapter06\Listing06\Listing06.csproj", "{6779436D-C291-410B-9FD5-7D80C03F70B5}"
EndProject
Project("{FAE04EC0-301F-11D3-BF4B-00C04F79EFBC}") = "Listing07", "Chapter06\Listing07\Listing07.csproj", "{17B62D07-7145-4565-9A99-EFA10859DEBC}"
EndProject
Project("{FAE04EC0-301F-11D3-BF4B-00C04F79EFBC}") = "Listing08", "Chapter06\Listing08\Listing08.csproj", "{D35F3D86-5315-487B-A353-BE1C835367C9}"
EndProject
Project("{FAE04EC0-301F-11D3-BF4B-00C04F79EFBC}") = "Listing09", "Chapter06\Listing09\Listing09.csproj", "{2564A0A6-DA94-41EF-8064-E5A8D24EF9D5}"
EndProject
Project("{FAE04EC0-301F-11D3-BF4B-00C04F79EFBC}") = "Listing10", "Chapter06\Listing10\Listing10.csproj", "{4F424BC1-AFD1-4EBE-B6FC-CBD817D922A3}"
EndProject
Project("{FAE04EC0-301F-11D3-BF4B-00C04F79EFBC}") = "Listing11", "Chapter06\Listing11\Listing11.csproj", "{2A7B2C8A-9430-47A7-A88C-13CEB395D921}"
EndProject
Project("{FAE04EC0-301F-11D3-BF4B-00C04F79EFBC}") = "Listing12", "Chapter06\Listing12\Listing12.csproj", "{4265ABC0-10F0-4A88-A893-C5A4CC745CE2}"
EndProject
Project("{FAE04EC0-301F-11D3-BF4B-00C04F79EFBC}") = "Listing13", "Chapter06\Listing13\Listing13.csproj", "{60395462-79CD-413A-98F2-8EDE10F36B24}"
EndProject
Project("{FAE04EC0-301F-11D3-BF4B-00C04F79EFBC}") = "Listing14", "Chapter06\Listing14\Listing14.csproj", "{FBC6110D-19FE-4DF8-8723-0462056B26B9}"
EndProject
Project("{FAE04EC0-301F-11D3-BF4B-00C04F79EFBC}") = "Listing15", "Chapter06\Listing15\Listing15.csproj", "{FF57F3AE-0E35-46B4-B959-4E4D4AEAE7A2}"
EndProject
Project("{FAE04EC0-301F-11D3-BF4B-00C04F79EFBC}") = "Listing16", "Chapter06\Listing16\Listing16.csproj", "{D40DBCBC-E3CF-4E9C-8656-534D74475847}"
EndProject
Project("{FAE04EC0-301F-11D3-BF4B-00C04F79EFBC}") = "Listing17", "Chapter06\Listing17\Listing17.csproj", "{B4131EB4-C373-40F6-8396-25C95BCEA941}"
EndProject
Project("{FAE04EC0-301F-11D3-BF4B-00C04F79EFBC}") = "Listing18", "Chapter06\Listing18\Listing18.csproj", "{C109DB14-63CC-422E-93B6-EE529A65920B}"
EndProject
Project("{FAE04EC0-301F-11D3-BF4B-00C04F79EFBC}") = "Listing19", "Chapter06\Listing19\Listing19.csproj", "{13F47DB2-DE27-4452-8F44-56F7EE3642C9}"
EndProject
Project("{FAE04EC0-301F-11D3-BF4B-00C04F79EFBC}") = "Listing20", "Chapter06\Listing20\Listing20.csproj", "{FBDBF748-9A96-42BB-8CFF-08DC8DAD00F3}"
EndProject
Project("{FAE04EC0-301F-11D3-BF4B-00C04F79EFBC}") = "Creating_Race_Conditions", "Chapter06\Creating_Race_Conditions\Creating_Race_Conditions.csproj", "{806E7D35-16E9-47FA-A373-345E6EE50186}"
EndProject
Project("{FAE04EC0-301F-11D3-BF4B-00C04F79EFBC}") = "Confusing_Ordering", "Chapter06\Confusing_Ordering\Confusing_Ordering.csproj", "{97FCC714-187A-4A88-AE38-357955742677}"
EndProject
Project("{FAE04EC0-301F-11D3-BF4B-00C04F79EFBC}") = "Sequential_Filtering", "Chapter06\Sequential_Filtering\Sequential_Filtering.csproj", "{D3D69D2E-44F9-4A8C-B335-21151430AC9B}"
EndProject
Global
	GlobalSection(SolutionConfigurationPlatforms) = preSolution
		Debug|Any CPU = Debug|Any CPU
		Release|Any CPU = Release|Any CPU
	EndGlobalSection
	GlobalSection(ProjectConfigurationPlatforms) = postSolution
		{5C2C4665-B3BA-4616-9194-35C17EB935C7}.Debug|Any CPU.ActiveCfg = Debug|Any CPU
		{5C2C4665-B3BA-4616-9194-35C17EB935C7}.Debug|Any CPU.Build.0 = Debug|Any CPU
		{5C2C4665-B3BA-4616-9194-35C17EB935C7}.Release|Any CPU.ActiveCfg = Release|Any CPU
		{5C2C4665-B3BA-4616-9194-35C17EB935C7}.Release|Any CPU.Build.0 = Release|Any CPU
		{CB0572BC-E349-431D-854E-9A5E8FBAB707}.Debug|Any CPU.ActiveCfg = Debug|Any CPU
		{CB0572BC-E349-431D-854E-9A5E8FBAB707}.Debug|Any CPU.Build.0 = Debug|Any CPU
		{CB0572BC-E349-431D-854E-9A5E8FBAB707}.Release|Any CPU.ActiveCfg = Release|Any CPU
		{CB0572BC-E349-431D-854E-9A5E8FBAB707}.Release|Any CPU.Build.0 = Release|Any CPU
		{218FD641-95A4-4C83-87AE-AF2409EE1A16}.Debug|Any CPU.ActiveCfg = Debug|Any CPU
		{218FD641-95A4-4C83-87AE-AF2409EE1A16}.Debug|Any CPU.Build.0 = Debug|Any CPU
		{218FD641-95A4-4C83-87AE-AF2409EE1A16}.Release|Any CPU.ActiveCfg = Release|Any CPU
		{218FD641-95A4-4C83-87AE-AF2409EE1A16}.Release|Any CPU.Build.0 = Release|Any CPU
		{4D00E0FD-260A-4B5D-96CF-9D52876AC7E9}.Debug|Any CPU.ActiveCfg = Debug|Any CPU
		{4D00E0FD-260A-4B5D-96CF-9D52876AC7E9}.Debug|Any CPU.Build.0 = Debug|Any CPU
		{4D00E0FD-260A-4B5D-96CF-9D52876AC7E9}.Release|Any CPU.ActiveCfg = Release|Any CPU
		{4D00E0FD-260A-4B5D-96CF-9D52876AC7E9}.Release|Any CPU.Build.0 = Release|Any CPU
		{548A9CDA-6148-4B5D-9EAB-EC7385F99D40}.Debug|Any CPU.ActiveCfg = Debug|Any CPU
		{548A9CDA-6148-4B5D-9EAB-EC7385F99D40}.Debug|Any CPU.Build.0 = Debug|Any CPU
		{548A9CDA-6148-4B5D-9EAB-EC7385F99D40}.Release|Any CPU.ActiveCfg = Release|Any CPU
		{548A9CDA-6148-4B5D-9EAB-EC7385F99D40}.Release|Any CPU.Build.0 = Release|Any CPU
		{7469D3D7-D1AF-4D92-B824-DA9C0FB2604C}.Debug|Any CPU.ActiveCfg = Debug|Any CPU
		{7469D3D7-D1AF-4D92-B824-DA9C0FB2604C}.Debug|Any CPU.Build.0 = Debug|Any CPU
		{7469D3D7-D1AF-4D92-B824-DA9C0FB2604C}.Release|Any CPU.ActiveCfg = Release|Any CPU
		{7469D3D7-D1AF-4D92-B824-DA9C0FB2604C}.Release|Any CPU.Build.0 = Release|Any CPU
		{1DCC5267-E3F6-40B1-AC80-F72E7CC32C95}.Debug|Any CPU.ActiveCfg = Debug|Any CPU
		{1DCC5267-E3F6-40B1-AC80-F72E7CC32C95}.Debug|Any CPU.Build.0 = Debug|Any CPU
		{1DCC5267-E3F6-40B1-AC80-F72E7CC32C95}.Release|Any CPU.ActiveCfg = Release|Any CPU
		{1DCC5267-E3F6-40B1-AC80-F72E7CC32C95}.Release|Any CPU.Build.0 = Release|Any CPU
		{3278A922-386B-4A9E-BA8B-6D3A25792BAA}.Debug|Any CPU.ActiveCfg = Debug|Any CPU
		{3278A922-386B-4A9E-BA8B-6D3A25792BAA}.Debug|Any CPU.Build.0 = Debug|Any CPU
		{3278A922-386B-4A9E-BA8B-6D3A25792BAA}.Release|Any CPU.ActiveCfg = Release|Any CPU
		{3278A922-386B-4A9E-BA8B-6D3A25792BAA}.Release|Any CPU.Build.0 = Release|Any CPU
		{05E843AD-E1EF-4665-885E-1F76F62705CE}.Debug|Any CPU.ActiveCfg = Debug|Any CPU
		{05E843AD-E1EF-4665-885E-1F76F62705CE}.Debug|Any CPU.Build.0 = Debug|Any CPU
		{05E843AD-E1EF-4665-885E-1F76F62705CE}.Release|Any CPU.ActiveCfg = Release|Any CPU
		{05E843AD-E1EF-4665-885E-1F76F62705CE}.Release|Any CPU.Build.0 = Release|Any CPU
		{7EC2F8F5-869C-4F40-BEEB-E89C49E7D2FC}.Debug|Any CPU.ActiveCfg = Debug|Any CPU
		{7EC2F8F5-869C-4F40-BEEB-E89C49E7D2FC}.Debug|Any CPU.Build.0 = Debug|Any CPU
		{7EC2F8F5-869C-4F40-BEEB-E89C49E7D2FC}.Release|Any CPU.ActiveCfg = Release|Any CPU
		{7EC2F8F5-869C-4F40-BEEB-E89C49E7D2FC}.Release|Any CPU.Build.0 = Release|Any CPU
		{DF0A77E8-3B14-46AB-8A58-4BC98D503721}.Debug|Any CPU.ActiveCfg = Debug|Any CPU
		{DF0A77E8-3B14-46AB-8A58-4BC98D503721}.Debug|Any CPU.Build.0 = Debug|Any CPU
		{DF0A77E8-3B14-46AB-8A58-4BC98D503721}.Release|Any CPU.ActiveCfg = Release|Any CPU
		{DF0A77E8-3B14-46AB-8A58-4BC98D503721}.Release|Any CPU.Build.0 = Release|Any CPU
		{DCE66F44-2FEE-4E2F-9260-678F2D90F9E0}.Debug|Any CPU.ActiveCfg = Debug|Any CPU
		{DCE66F44-2FEE-4E2F-9260-678F2D90F9E0}.Debug|Any CPU.Build.0 = Debug|Any CPU
		{DCE66F44-2FEE-4E2F-9260-678F2D90F9E0}.Release|Any CPU.ActiveCfg = Release|Any CPU
		{DCE66F44-2FEE-4E2F-9260-678F2D90F9E0}.Release|Any CPU.Build.0 = Release|Any CPU
		{A2054C31-0644-458F-B362-8D747319210B}.Debug|Any CPU.ActiveCfg = Debug|Any CPU
		{A2054C31-0644-458F-B362-8D747319210B}.Debug|Any CPU.Build.0 = Debug|Any CPU
		{A2054C31-0644-458F-B362-8D747319210B}.Release|Any CPU.ActiveCfg = Release|Any CPU
		{A2054C31-0644-458F-B362-8D747319210B}.Release|Any CPU.Build.0 = Release|Any CPU
		{BE49F485-5DE1-447D-8D6E-A490DF6F1B03}.Debug|Any CPU.ActiveCfg = Debug|Any CPU
		{BE49F485-5DE1-447D-8D6E-A490DF6F1B03}.Debug|Any CPU.Build.0 = Debug|Any CPU
		{BE49F485-5DE1-447D-8D6E-A490DF6F1B03}.Release|Any CPU.ActiveCfg = Release|Any CPU
		{BE49F485-5DE1-447D-8D6E-A490DF6F1B03}.Release|Any CPU.Build.0 = Release|Any CPU
		{12CFC389-C816-4B5E-81AA-8EE2DF19FD68}.Debug|Any CPU.ActiveCfg = Debug|Any CPU
		{12CFC389-C816-4B5E-81AA-8EE2DF19FD68}.Debug|Any CPU.Build.0 = Debug|Any CPU
		{12CFC389-C816-4B5E-81AA-8EE2DF19FD68}.Release|Any CPU.ActiveCfg = Release|Any CPU
		{12CFC389-C816-4B5E-81AA-8EE2DF19FD68}.Release|Any CPU.Build.0 = Release|Any CPU
		{1B93DE94-CDAE-4288-9F75-DA8867BF246E}.Debug|Any CPU.ActiveCfg = Debug|Any CPU
		{1B93DE94-CDAE-4288-9F75-DA8867BF246E}.Debug|Any CPU.Build.0 = Debug|Any CPU
		{1B93DE94-CDAE-4288-9F75-DA8867BF246E}.Release|Any CPU.ActiveCfg = Release|Any CPU
		{1B93DE94-CDAE-4288-9F75-DA8867BF246E}.Release|Any CPU.Build.0 = Release|Any CPU
		{B070EE67-8EBF-455D-B41A-C1043DF14B76}.Debug|Any CPU.ActiveCfg = Debug|Any CPU
		{B070EE67-8EBF-455D-B41A-C1043DF14B76}.Debug|Any CPU.Build.0 = Debug|Any CPU
		{B070EE67-8EBF-455D-B41A-C1043DF14B76}.Release|Any CPU.ActiveCfg = Release|Any CPU
		{B070EE67-8EBF-455D-B41A-C1043DF14B76}.Release|Any CPU.Build.0 = Release|Any CPU
		{C8645090-1A02-42B1-AE83-B6B6A769C66E}.Debug|Any CPU.ActiveCfg = Debug|Any CPU
		{C8645090-1A02-42B1-AE83-B6B6A769C66E}.Debug|Any CPU.Build.0 = Debug|Any CPU
		{C8645090-1A02-42B1-AE83-B6B6A769C66E}.Release|Any CPU.ActiveCfg = Release|Any CPU
		{C8645090-1A02-42B1-AE83-B6B6A769C66E}.Release|Any CPU.Build.0 = Release|Any CPU
		{3CA87527-8793-44C7-9397-DB2A836B2606}.Debug|Any CPU.ActiveCfg = Debug|Any CPU
		{3CA87527-8793-44C7-9397-DB2A836B2606}.Debug|Any CPU.Build.0 = Debug|Any CPU
		{3CA87527-8793-44C7-9397-DB2A836B2606}.Release|Any CPU.ActiveCfg = Release|Any CPU
		{3CA87527-8793-44C7-9397-DB2A836B2606}.Release|Any CPU.Build.0 = Release|Any CPU
		{5840F541-238B-4C81-9C0C-9DE447A6C267}.Debug|Any CPU.ActiveCfg = Debug|Any CPU
		{5840F541-238B-4C81-9C0C-9DE447A6C267}.Debug|Any CPU.Build.0 = Debug|Any CPU
		{5840F541-238B-4C81-9C0C-9DE447A6C267}.Release|Any CPU.ActiveCfg = Release|Any CPU
		{5840F541-238B-4C81-9C0C-9DE447A6C267}.Release|Any CPU.Build.0 = Release|Any CPU
		{651CBD92-9E00-4C87-BE87-DD63B97C2D2F}.Debug|Any CPU.ActiveCfg = Debug|Any CPU
		{651CBD92-9E00-4C87-BE87-DD63B97C2D2F}.Debug|Any CPU.Build.0 = Debug|Any CPU
		{651CBD92-9E00-4C87-BE87-DD63B97C2D2F}.Release|Any CPU.ActiveCfg = Release|Any CPU
		{651CBD92-9E00-4C87-BE87-DD63B97C2D2F}.Release|Any CPU.Build.0 = Release|Any CPU
		{AE595904-B7CB-42C2-8F32-EE5D545990D6}.Debug|Any CPU.ActiveCfg = Debug|Any CPU
		{AE595904-B7CB-42C2-8F32-EE5D545990D6}.Debug|Any CPU.Build.0 = Debug|Any CPU
		{AE595904-B7CB-42C2-8F32-EE5D545990D6}.Release|Any CPU.ActiveCfg = Release|Any CPU
		{AE595904-B7CB-42C2-8F32-EE5D545990D6}.Release|Any CPU.Build.0 = Release|Any CPU
		{7633541B-3E13-4F41-8EF1-52581DC6716A}.Debug|Any CPU.ActiveCfg = Debug|Any CPU
		{7633541B-3E13-4F41-8EF1-52581DC6716A}.Debug|Any CPU.Build.0 = Debug|Any CPU
		{7633541B-3E13-4F41-8EF1-52581DC6716A}.Release|Any CPU.ActiveCfg = Release|Any CPU
		{7633541B-3E13-4F41-8EF1-52581DC6716A}.Release|Any CPU.Build.0 = Release|Any CPU
		{E7EEF721-345F-4576-B410-9ADAFEDC286F}.Debug|Any CPU.ActiveCfg = Debug|Any CPU
		{E7EEF721-345F-4576-B410-9ADAFEDC286F}.Debug|Any CPU.Build.0 = Debug|Any CPU
		{E7EEF721-345F-4576-B410-9ADAFEDC286F}.Release|Any CPU.ActiveCfg = Release|Any CPU
		{E7EEF721-345F-4576-B410-9ADAFEDC286F}.Release|Any CPU.Build.0 = Release|Any CPU
		{D0C22558-D9AF-4781-A166-BA70C12CC5D5}.Debug|Any CPU.ActiveCfg = Debug|Any CPU
		{D0C22558-D9AF-4781-A166-BA70C12CC5D5}.Debug|Any CPU.Build.0 = Debug|Any CPU
		{D0C22558-D9AF-4781-A166-BA70C12CC5D5}.Release|Any CPU.ActiveCfg = Release|Any CPU
		{D0C22558-D9AF-4781-A166-BA70C12CC5D5}.Release|Any CPU.Build.0 = Release|Any CPU
		{A89B8FB3-4ADB-4516-B749-F9BF57A52455}.Debug|Any CPU.ActiveCfg = Debug|Any CPU
		{A89B8FB3-4ADB-4516-B749-F9BF57A52455}.Debug|Any CPU.Build.0 = Debug|Any CPU
		{A89B8FB3-4ADB-4516-B749-F9BF57A52455}.Release|Any CPU.ActiveCfg = Release|Any CPU
		{A89B8FB3-4ADB-4516-B749-F9BF57A52455}.Release|Any CPU.Build.0 = Release|Any CPU
		{CC2D9E59-7174-4658-9AA0-1111DA8938CB}.Debug|Any CPU.ActiveCfg = Debug|Any CPU
		{CC2D9E59-7174-4658-9AA0-1111DA8938CB}.Debug|Any CPU.Build.0 = Debug|Any CPU
		{CC2D9E59-7174-4658-9AA0-1111DA8938CB}.Release|Any CPU.ActiveCfg = Release|Any CPU
		{CC2D9E59-7174-4658-9AA0-1111DA8938CB}.Release|Any CPU.Build.0 = Release|Any CPU
		{0B9EC8B2-4422-4708-B685-798531D4C336}.Debug|Any CPU.ActiveCfg = Debug|Any CPU
		{0B9EC8B2-4422-4708-B685-798531D4C336}.Debug|Any CPU.Build.0 = Debug|Any CPU
		{0B9EC8B2-4422-4708-B685-798531D4C336}.Release|Any CPU.ActiveCfg = Release|Any CPU
		{0B9EC8B2-4422-4708-B685-798531D4C336}.Release|Any CPU.Build.0 = Release|Any CPU
		{D2B0C839-0C8E-42BB-9AF3-F904CA6B7959}.Debug|Any CPU.ActiveCfg = Debug|Any CPU
		{D2B0C839-0C8E-42BB-9AF3-F904CA6B7959}.Debug|Any CPU.Build.0 = Debug|Any CPU
		{D2B0C839-0C8E-42BB-9AF3-F904CA6B7959}.Release|Any CPU.ActiveCfg = Release|Any CPU
		{D2B0C839-0C8E-42BB-9AF3-F904CA6B7959}.Release|Any CPU.Build.0 = Release|Any CPU
		{4873F331-C58D-4211-98C8-FAB56143976D}.Debug|Any CPU.ActiveCfg = Debug|Any CPU
		{4873F331-C58D-4211-98C8-FAB56143976D}.Debug|Any CPU.Build.0 = Debug|Any CPU
		{4873F331-C58D-4211-98C8-FAB56143976D}.Release|Any CPU.ActiveCfg = Release|Any CPU
		{4873F331-C58D-4211-98C8-FAB56143976D}.Release|Any CPU.Build.0 = Release|Any CPU
		{8855D1DC-1397-45A9-AC45-3E46C8F85BBC}.Debug|Any CPU.ActiveCfg = Debug|Any CPU
		{8855D1DC-1397-45A9-AC45-3E46C8F85BBC}.Debug|Any CPU.Build.0 = Debug|Any CPU
		{8855D1DC-1397-45A9-AC45-3E46C8F85BBC}.Release|Any CPU.ActiveCfg = Release|Any CPU
		{8855D1DC-1397-45A9-AC45-3E46C8F85BBC}.Release|Any CPU.Build.0 = Release|Any CPU
		{B53CC596-2701-40FF-B53F-DBC8B5A8A0D5}.Debug|Any CPU.ActiveCfg = Debug|Any CPU
		{B53CC596-2701-40FF-B53F-DBC8B5A8A0D5}.Debug|Any CPU.Build.0 = Debug|Any CPU
		{B53CC596-2701-40FF-B53F-DBC8B5A8A0D5}.Release|Any CPU.ActiveCfg = Release|Any CPU
		{B53CC596-2701-40FF-B53F-DBC8B5A8A0D5}.Release|Any CPU.Build.0 = Release|Any CPU
		{DA1FD7E2-C36B-4D0F-B8C5-418F801AB3BC}.Debug|Any CPU.ActiveCfg = Debug|Any CPU
		{DA1FD7E2-C36B-4D0F-B8C5-418F801AB3BC}.Debug|Any CPU.Build.0 = Debug|Any CPU
		{DA1FD7E2-C36B-4D0F-B8C5-418F801AB3BC}.Release|Any CPU.ActiveCfg = Release|Any CPU
		{DA1FD7E2-C36B-4D0F-B8C5-418F801AB3BC}.Release|Any CPU.Build.0 = Release|Any CPU
		{706B9A96-7151-4E8B-973C-9309B884EDB3}.Debug|Any CPU.ActiveCfg = Debug|Any CPU
		{706B9A96-7151-4E8B-973C-9309B884EDB3}.Debug|Any CPU.Build.0 = Debug|Any CPU
		{706B9A96-7151-4E8B-973C-9309B884EDB3}.Release|Any CPU.ActiveCfg = Release|Any CPU
		{706B9A96-7151-4E8B-973C-9309B884EDB3}.Release|Any CPU.Build.0 = Release|Any CPU
		{3FFCBE3A-B6A0-4F2C-B965-EF61195FFFD7}.Debug|Any CPU.ActiveCfg = Debug|Any CPU
		{3FFCBE3A-B6A0-4F2C-B965-EF61195FFFD7}.Debug|Any CPU.Build.0 = Debug|Any CPU
		{3FFCBE3A-B6A0-4F2C-B965-EF61195FFFD7}.Release|Any CPU.ActiveCfg = Release|Any CPU
		{3FFCBE3A-B6A0-4F2C-B965-EF61195FFFD7}.Release|Any CPU.Build.0 = Release|Any CPU
		{CBFDFA29-BA50-4311-B861-EDADCC4D0767}.Debug|Any CPU.ActiveCfg = Debug|Any CPU
		{CBFDFA29-BA50-4311-B861-EDADCC4D0767}.Debug|Any CPU.Build.0 = Debug|Any CPU
		{CBFDFA29-BA50-4311-B861-EDADCC4D0767}.Release|Any CPU.ActiveCfg = Release|Any CPU
		{CBFDFA29-BA50-4311-B861-EDADCC4D0767}.Release|Any CPU.Build.0 = Release|Any CPU
		{5AB7DFF7-3291-4529-BE71-CC386C4F8C19}.Debug|Any CPU.ActiveCfg = Debug|Any CPU
		{5AB7DFF7-3291-4529-BE71-CC386C4F8C19}.Debug|Any CPU.Build.0 = Debug|Any CPU
		{5AB7DFF7-3291-4529-BE71-CC386C4F8C19}.Release|Any CPU.ActiveCfg = Release|Any CPU
		{5AB7DFF7-3291-4529-BE71-CC386C4F8C19}.Release|Any CPU.Build.0 = Release|Any CPU
		{5C8BF407-353A-4408-85C1-A6E3F73C6E55}.Debug|Any CPU.ActiveCfg = Debug|Any CPU
		{5C8BF407-353A-4408-85C1-A6E3F73C6E55}.Debug|Any CPU.Build.0 = Debug|Any CPU
		{5C8BF407-353A-4408-85C1-A6E3F73C6E55}.Release|Any CPU.ActiveCfg = Release|Any CPU
		{5C8BF407-353A-4408-85C1-A6E3F73C6E55}.Release|Any CPU.Build.0 = Release|Any CPU
		{FF0D0129-E4E5-4CC6-9D46-480619F87F85}.Debug|Any CPU.ActiveCfg = Debug|Any CPU
		{FF0D0129-E4E5-4CC6-9D46-480619F87F85}.Debug|Any CPU.Build.0 = Debug|Any CPU
		{FF0D0129-E4E5-4CC6-9D46-480619F87F85}.Release|Any CPU.ActiveCfg = Release|Any CPU
		{FF0D0129-E4E5-4CC6-9D46-480619F87F85}.Release|Any CPU.Build.0 = Release|Any CPU
		{5CA8430E-DCF9-4279-A3C9-38013B6903C7}.Debug|Any CPU.ActiveCfg = Debug|Any CPU
		{5CA8430E-DCF9-4279-A3C9-38013B6903C7}.Debug|Any CPU.Build.0 = Debug|Any CPU
		{5CA8430E-DCF9-4279-A3C9-38013B6903C7}.Release|Any CPU.ActiveCfg = Release|Any CPU
		{5CA8430E-DCF9-4279-A3C9-38013B6903C7}.Release|Any CPU.Build.0 = Release|Any CPU
		{FBE8D3DF-0D27-476F-A332-57A651AEF86A}.Debug|Any CPU.ActiveCfg = Debug|Any CPU
		{FBE8D3DF-0D27-476F-A332-57A651AEF86A}.Debug|Any CPU.Build.0 = Debug|Any CPU
		{FBE8D3DF-0D27-476F-A332-57A651AEF86A}.Release|Any CPU.ActiveCfg = Release|Any CPU
		{FBE8D3DF-0D27-476F-A332-57A651AEF86A}.Release|Any CPU.Build.0 = Release|Any CPU
		{A86FE5B3-093C-4B15-BFCC-1D4BE21F26B2}.Debug|Any CPU.ActiveCfg = Debug|Any CPU
		{A86FE5B3-093C-4B15-BFCC-1D4BE21F26B2}.Debug|Any CPU.Build.0 = Debug|Any CPU
		{A86FE5B3-093C-4B15-BFCC-1D4BE21F26B2}.Release|Any CPU.ActiveCfg = Release|Any CPU
		{A86FE5B3-093C-4B15-BFCC-1D4BE21F26B2}.Release|Any CPU.Build.0 = Release|Any CPU
		{3D31F005-EF2F-4E97-89E8-C0151482F06D}.Debug|Any CPU.ActiveCfg = Debug|Any CPU
		{3D31F005-EF2F-4E97-89E8-C0151482F06D}.Debug|Any CPU.Build.0 = Debug|Any CPU
		{3D31F005-EF2F-4E97-89E8-C0151482F06D}.Release|Any CPU.ActiveCfg = Release|Any CPU
		{3D31F005-EF2F-4E97-89E8-C0151482F06D}.Release|Any CPU.Build.0 = Release|Any CPU
		{D3939E08-1A81-44B4-BB44-650323BADBBE}.Debug|Any CPU.ActiveCfg = Debug|Any CPU
		{D3939E08-1A81-44B4-BB44-650323BADBBE}.Debug|Any CPU.Build.0 = Debug|Any CPU
		{D3939E08-1A81-44B4-BB44-650323BADBBE}.Release|Any CPU.ActiveCfg = Release|Any CPU
		{D3939E08-1A81-44B4-BB44-650323BADBBE}.Release|Any CPU.Build.0 = Release|Any CPU
		{AFE1121D-0678-4B3F-BEB3-3770C3B5519C}.Debug|Any CPU.ActiveCfg = Debug|Any CPU
		{AFE1121D-0678-4B3F-BEB3-3770C3B5519C}.Debug|Any CPU.Build.0 = Debug|Any CPU
		{AFE1121D-0678-4B3F-BEB3-3770C3B5519C}.Release|Any CPU.ActiveCfg = Release|Any CPU
		{AFE1121D-0678-4B3F-BEB3-3770C3B5519C}.Release|Any CPU.Build.0 = Release|Any CPU
		{AD79E163-C159-43FC-B5F8-20ED60E8EDA5}.Debug|Any CPU.ActiveCfg = Debug|Any CPU
		{AD79E163-C159-43FC-B5F8-20ED60E8EDA5}.Debug|Any CPU.Build.0 = Debug|Any CPU
		{AD79E163-C159-43FC-B5F8-20ED60E8EDA5}.Release|Any CPU.ActiveCfg = Release|Any CPU
		{AD79E163-C159-43FC-B5F8-20ED60E8EDA5}.Release|Any CPU.Build.0 = Release|Any CPU
		{CCD81127-8C2C-4A32-9D10-82EE59FD542E}.Debug|Any CPU.ActiveCfg = Debug|Any CPU
		{CCD81127-8C2C-4A32-9D10-82EE59FD542E}.Debug|Any CPU.Build.0 = Debug|Any CPU
		{CCD81127-8C2C-4A32-9D10-82EE59FD542E}.Release|Any CPU.ActiveCfg = Release|Any CPU
		{CCD81127-8C2C-4A32-9D10-82EE59FD542E}.Release|Any CPU.Build.0 = Release|Any CPU
		{7E0E0D7C-466E-4851-B493-F254BFEE64E7}.Debug|Any CPU.ActiveCfg = Debug|Any CPU
		{7E0E0D7C-466E-4851-B493-F254BFEE64E7}.Debug|Any CPU.Build.0 = Debug|Any CPU
		{7E0E0D7C-466E-4851-B493-F254BFEE64E7}.Release|Any CPU.ActiveCfg = Release|Any CPU
		{7E0E0D7C-466E-4851-B493-F254BFEE64E7}.Release|Any CPU.Build.0 = Release|Any CPU
		{16E2026D-6968-40E0-A9A8-924DB0F15526}.Debug|Any CPU.ActiveCfg = Debug|Any CPU
		{16E2026D-6968-40E0-A9A8-924DB0F15526}.Debug|Any CPU.Build.0 = Debug|Any CPU
		{16E2026D-6968-40E0-A9A8-924DB0F15526}.Release|Any CPU.ActiveCfg = Release|Any CPU
		{16E2026D-6968-40E0-A9A8-924DB0F15526}.Release|Any CPU.Build.0 = Release|Any CPU
		{B0F96BB3-2914-49E3-8A1E-B40E4A6498D5}.Debug|Any CPU.ActiveCfg = Debug|Any CPU
		{B0F96BB3-2914-49E3-8A1E-B40E4A6498D5}.Debug|Any CPU.Build.0 = Debug|Any CPU
		{B0F96BB3-2914-49E3-8A1E-B40E4A6498D5}.Release|Any CPU.ActiveCfg = Release|Any CPU
		{B0F96BB3-2914-49E3-8A1E-B40E4A6498D5}.Release|Any CPU.Build.0 = Release|Any CPU
		{3B8F0903-78B7-45FA-8F4B-B4642937636E}.Debug|Any CPU.ActiveCfg = Debug|Any CPU
		{3B8F0903-78B7-45FA-8F4B-B4642937636E}.Debug|Any CPU.Build.0 = Debug|Any CPU
		{3B8F0903-78B7-45FA-8F4B-B4642937636E}.Release|Any CPU.ActiveCfg = Release|Any CPU
		{3B8F0903-78B7-45FA-8F4B-B4642937636E}.Release|Any CPU.Build.0 = Release|Any CPU
		{79B46D3A-DF58-4A59-8808-B6A106472BCF}.Debug|Any CPU.ActiveCfg = Debug|Any CPU
		{79B46D3A-DF58-4A59-8808-B6A106472BCF}.Debug|Any CPU.Build.0 = Debug|Any CPU
		{79B46D3A-DF58-4A59-8808-B6A106472BCF}.Release|Any CPU.ActiveCfg = Release|Any CPU
		{79B46D3A-DF58-4A59-8808-B6A106472BCF}.Release|Any CPU.Build.0 = Release|Any CPU
		{842C8D34-A4C6-45BD-A31A-CBDFFFA4876A}.Debug|Any CPU.ActiveCfg = Debug|Any CPU
		{842C8D34-A4C6-45BD-A31A-CBDFFFA4876A}.Debug|Any CPU.Build.0 = Debug|Any CPU
		{842C8D34-A4C6-45BD-A31A-CBDFFFA4876A}.Release|Any CPU.ActiveCfg = Release|Any CPU
		{842C8D34-A4C6-45BD-A31A-CBDFFFA4876A}.Release|Any CPU.Build.0 = Release|Any CPU
		{F2D8BE40-4E46-4B21-A3B6-9349FD6D6DB1}.Debug|Any CPU.ActiveCfg = Debug|Any CPU
		{F2D8BE40-4E46-4B21-A3B6-9349FD6D6DB1}.Debug|Any CPU.Build.0 = Debug|Any CPU
		{F2D8BE40-4E46-4B21-A3B6-9349FD6D6DB1}.Release|Any CPU.ActiveCfg = Release|Any CPU
		{F2D8BE40-4E46-4B21-A3B6-9349FD6D6DB1}.Release|Any CPU.Build.0 = Release|Any CPU
		{B9986A5B-5FB8-4F2B-885A-759025A0C648}.Debug|Any CPU.ActiveCfg = Debug|Any CPU
		{B9986A5B-5FB8-4F2B-885A-759025A0C648}.Debug|Any CPU.Build.0 = Debug|Any CPU
		{B9986A5B-5FB8-4F2B-885A-759025A0C648}.Release|Any CPU.ActiveCfg = Release|Any CPU
		{B9986A5B-5FB8-4F2B-885A-759025A0C648}.Release|Any CPU.Build.0 = Release|Any CPU
		{5618DF2E-AC17-4AF3-B94C-EE0426DEF2F3}.Debug|Any CPU.ActiveCfg = Debug|Any CPU
		{5618DF2E-AC17-4AF3-B94C-EE0426DEF2F3}.Debug|Any CPU.Build.0 = Debug|Any CPU
		{5618DF2E-AC17-4AF3-B94C-EE0426DEF2F3}.Release|Any CPU.ActiveCfg = Release|Any CPU
		{5618DF2E-AC17-4AF3-B94C-EE0426DEF2F3}.Release|Any CPU.Build.0 = Release|Any CPU
		{88F3DE7B-B8E7-4626-8741-327EF6892D64}.Debug|Any CPU.ActiveCfg = Debug|Any CPU
		{88F3DE7B-B8E7-4626-8741-327EF6892D64}.Debug|Any CPU.Build.0 = Debug|Any CPU
		{88F3DE7B-B8E7-4626-8741-327EF6892D64}.Release|Any CPU.ActiveCfg = Release|Any CPU
		{88F3DE7B-B8E7-4626-8741-327EF6892D64}.Release|Any CPU.Build.0 = Release|Any CPU
		{1B4727DE-82FD-4AB1-8AF2-C5EFAD133053}.Debug|Any CPU.ActiveCfg = Debug|Any CPU
		{1B4727DE-82FD-4AB1-8AF2-C5EFAD133053}.Debug|Any CPU.Build.0 = Debug|Any CPU
		{1B4727DE-82FD-4AB1-8AF2-C5EFAD133053}.Release|Any CPU.ActiveCfg = Release|Any CPU
		{1B4727DE-82FD-4AB1-8AF2-C5EFAD133053}.Release|Any CPU.Build.0 = Release|Any CPU
		{91FC71BE-49CD-4418-B77A-1AF49ACBCCA8}.Debug|Any CPU.ActiveCfg = Debug|Any CPU
		{91FC71BE-49CD-4418-B77A-1AF49ACBCCA8}.Debug|Any CPU.Build.0 = Debug|Any CPU
		{91FC71BE-49CD-4418-B77A-1AF49ACBCCA8}.Release|Any CPU.ActiveCfg = Release|Any CPU
		{91FC71BE-49CD-4418-B77A-1AF49ACBCCA8}.Release|Any CPU.Build.0 = Release|Any CPU
		{19F8CCB3-BCB0-426D-8D20-86023CA0588D}.Debug|Any CPU.ActiveCfg = Debug|Any CPU
		{19F8CCB3-BCB0-426D-8D20-86023CA0588D}.Debug|Any CPU.Build.0 = Debug|Any CPU
		{19F8CCB3-BCB0-426D-8D20-86023CA0588D}.Release|Any CPU.ActiveCfg = Release|Any CPU
		{19F8CCB3-BCB0-426D-8D20-86023CA0588D}.Release|Any CPU.Build.0 = Release|Any CPU
		{51BBED63-1DF7-4EBD-B7A0-8AAB1980BC25}.Debug|Any CPU.ActiveCfg = Debug|Any CPU
		{51BBED63-1DF7-4EBD-B7A0-8AAB1980BC25}.Debug|Any CPU.Build.0 = Debug|Any CPU
		{51BBED63-1DF7-4EBD-B7A0-8AAB1980BC25}.Release|Any CPU.ActiveCfg = Release|Any CPU
		{51BBED63-1DF7-4EBD-B7A0-8AAB1980BC25}.Release|Any CPU.Build.0 = Release|Any CPU
		{53892B65-C2D5-48E6-8650-7EDCA6D6ACBB}.Debug|Any CPU.ActiveCfg = Debug|Any CPU
		{53892B65-C2D5-48E6-8650-7EDCA6D6ACBB}.Debug|Any CPU.Build.0 = Debug|Any CPU
		{53892B65-C2D5-48E6-8650-7EDCA6D6ACBB}.Release|Any CPU.ActiveCfg = Release|Any CPU
		{53892B65-C2D5-48E6-8650-7EDCA6D6ACBB}.Release|Any CPU.Build.0 = Release|Any CPU
		{C37E0778-CCBB-414B-95D0-BCA5BD26F768}.Debug|Any CPU.ActiveCfg = Debug|Any CPU
		{C37E0778-CCBB-414B-95D0-BCA5BD26F768}.Debug|Any CPU.Build.0 = Debug|Any CPU
		{C37E0778-CCBB-414B-95D0-BCA5BD26F768}.Release|Any CPU.ActiveCfg = Release|Any CPU
		{C37E0778-CCBB-414B-95D0-BCA5BD26F768}.Release|Any CPU.Build.0 = Release|Any CPU
		{E60D1C34-94AB-430B-AF0F-2079CBF2105B}.Debug|Any CPU.ActiveCfg = Debug|Any CPU
		{E60D1C34-94AB-430B-AF0F-2079CBF2105B}.Debug|Any CPU.Build.0 = Debug|Any CPU
		{E60D1C34-94AB-430B-AF0F-2079CBF2105B}.Release|Any CPU.ActiveCfg = Release|Any CPU
		{E60D1C34-94AB-430B-AF0F-2079CBF2105B}.Release|Any CPU.Build.0 = Release|Any CPU
		{A26EC301-30DF-4F54-98D3-7204753F9146}.Debug|Any CPU.ActiveCfg = Debug|Any CPU
		{A26EC301-30DF-4F54-98D3-7204753F9146}.Debug|Any CPU.Build.0 = Debug|Any CPU
		{A26EC301-30DF-4F54-98D3-7204753F9146}.Release|Any CPU.ActiveCfg = Release|Any CPU
		{A26EC301-30DF-4F54-98D3-7204753F9146}.Release|Any CPU.Build.0 = Release|Any CPU
		{4CD24C04-ACBD-4FD2-897D-554F708CB51D}.Debug|Any CPU.ActiveCfg = Debug|Any CPU
		{4CD24C04-ACBD-4FD2-897D-554F708CB51D}.Debug|Any CPU.Build.0 = Debug|Any CPU
		{4CD24C04-ACBD-4FD2-897D-554F708CB51D}.Release|Any CPU.ActiveCfg = Release|Any CPU
		{4CD24C04-ACBD-4FD2-897D-554F708CB51D}.Release|Any CPU.Build.0 = Release|Any CPU
		{298FE517-545D-4FE0-953E-571D97C5E0C5}.Debug|Any CPU.ActiveCfg = Debug|Any CPU
		{298FE517-545D-4FE0-953E-571D97C5E0C5}.Debug|Any CPU.Build.0 = Debug|Any CPU
		{298FE517-545D-4FE0-953E-571D97C5E0C5}.Release|Any CPU.ActiveCfg = Release|Any CPU
		{298FE517-545D-4FE0-953E-571D97C5E0C5}.Release|Any CPU.Build.0 = Release|Any CPU
		{A6FB9665-EF5C-439D-9D80-8C13DC7E8A20}.Debug|Any CPU.ActiveCfg = Debug|Any CPU
		{A6FB9665-EF5C-439D-9D80-8C13DC7E8A20}.Debug|Any CPU.Build.0 = Debug|Any CPU
		{A6FB9665-EF5C-439D-9D80-8C13DC7E8A20}.Release|Any CPU.ActiveCfg = Release|Any CPU
		{A6FB9665-EF5C-439D-9D80-8C13DC7E8A20}.Release|Any CPU.Build.0 = Release|Any CPU
		{96A59735-8E4D-42B3-B8A4-2CBAA2C73830}.Debug|Any CPU.ActiveCfg = Debug|Any CPU
		{96A59735-8E4D-42B3-B8A4-2CBAA2C73830}.Debug|Any CPU.Build.0 = Debug|Any CPU
		{96A59735-8E4D-42B3-B8A4-2CBAA2C73830}.Release|Any CPU.ActiveCfg = Release|Any CPU
		{96A59735-8E4D-42B3-B8A4-2CBAA2C73830}.Release|Any CPU.Build.0 = Release|Any CPU
		{5200A54B-D9F0-4AD9-909C-A979A3A85937}.Debug|Any CPU.ActiveCfg = Debug|Any CPU
		{5200A54B-D9F0-4AD9-909C-A979A3A85937}.Debug|Any CPU.Build.0 = Debug|Any CPU
		{5200A54B-D9F0-4AD9-909C-A979A3A85937}.Release|Any CPU.ActiveCfg = Release|Any CPU
		{5200A54B-D9F0-4AD9-909C-A979A3A85937}.Release|Any CPU.Build.0 = Release|Any CPU
		{3BCD3CBB-998E-4793-97D0-C62BB29F513B}.Debug|Any CPU.ActiveCfg = Debug|Any CPU
		{3BCD3CBB-998E-4793-97D0-C62BB29F513B}.Debug|Any CPU.Build.0 = Debug|Any CPU
		{3BCD3CBB-998E-4793-97D0-C62BB29F513B}.Release|Any CPU.ActiveCfg = Release|Any CPU
		{3BCD3CBB-998E-4793-97D0-C62BB29F513B}.Release|Any CPU.Build.0 = Release|Any CPU
		{B5E3168E-BA98-4DE9-9978-4DC6900CDA24}.Debug|Any CPU.ActiveCfg = Debug|Any CPU
		{B5E3168E-BA98-4DE9-9978-4DC6900CDA24}.Debug|Any CPU.Build.0 = Debug|Any CPU
		{B5E3168E-BA98-4DE9-9978-4DC6900CDA24}.Release|Any CPU.ActiveCfg = Release|Any CPU
		{B5E3168E-BA98-4DE9-9978-4DC6900CDA24}.Release|Any CPU.Build.0 = Release|Any CPU
		{39F84677-C291-45FC-8C45-73274CE8CBC7}.Debug|Any CPU.ActiveCfg = Debug|Any CPU
		{39F84677-C291-45FC-8C45-73274CE8CBC7}.Debug|Any CPU.Build.0 = Debug|Any CPU
		{39F84677-C291-45FC-8C45-73274CE8CBC7}.Release|Any CPU.ActiveCfg = Release|Any CPU
		{39F84677-C291-45FC-8C45-73274CE8CBC7}.Release|Any CPU.Build.0 = Release|Any CPU
		{B8E0FE3F-C970-4050-AF8A-2F1E16DD76F6}.Debug|Any CPU.ActiveCfg = Debug|Any CPU
		{B8E0FE3F-C970-4050-AF8A-2F1E16DD76F6}.Debug|Any CPU.Build.0 = Debug|Any CPU
		{B8E0FE3F-C970-4050-AF8A-2F1E16DD76F6}.Release|Any CPU.ActiveCfg = Release|Any CPU
		{B8E0FE3F-C970-4050-AF8A-2F1E16DD76F6}.Release|Any CPU.Build.0 = Release|Any CPU
		{BDB3CC03-DCC1-432D-B4CF-2DA7F6F595B5}.Debug|Any CPU.ActiveCfg = Debug|Any CPU
		{BDB3CC03-DCC1-432D-B4CF-2DA7F6F595B5}.Debug|Any CPU.Build.0 = Debug|Any CPU
		{BDB3CC03-DCC1-432D-B4CF-2DA7F6F595B5}.Release|Any CPU.ActiveCfg = Release|Any CPU
		{BDB3CC03-DCC1-432D-B4CF-2DA7F6F595B5}.Release|Any CPU.Build.0 = Release|Any CPU
		{9C68F61C-DB51-4FC3-81CE-D1B9D6707C96}.Debug|Any CPU.ActiveCfg = Debug|Any CPU
		{9C68F61C-DB51-4FC3-81CE-D1B9D6707C96}.Debug|Any CPU.Build.0 = Debug|Any CPU
		{9C68F61C-DB51-4FC3-81CE-D1B9D6707C96}.Release|Any CPU.ActiveCfg = Release|Any CPU
		{9C68F61C-DB51-4FC3-81CE-D1B9D6707C96}.Release|Any CPU.Build.0 = Release|Any CPU
		{050184FE-9238-40C3-9715-6A23B33E029A}.Debug|Any CPU.ActiveCfg = Debug|Any CPU
		{050184FE-9238-40C3-9715-6A23B33E029A}.Debug|Any CPU.Build.0 = Debug|Any CPU
		{050184FE-9238-40C3-9715-6A23B33E029A}.Release|Any CPU.ActiveCfg = Release|Any CPU
		{050184FE-9238-40C3-9715-6A23B33E029A}.Release|Any CPU.Build.0 = Release|Any CPU
		{33947E0D-DF4D-4DB8-8F90-5506F45AF1A2}.Debug|Any CPU.ActiveCfg = Debug|Any CPU
		{33947E0D-DF4D-4DB8-8F90-5506F45AF1A2}.Debug|Any CPU.Build.0 = Debug|Any CPU
		{33947E0D-DF4D-4DB8-8F90-5506F45AF1A2}.Release|Any CPU.ActiveCfg = Release|Any CPU
		{33947E0D-DF4D-4DB8-8F90-5506F45AF1A2}.Release|Any CPU.Build.0 = Release|Any CPU
		{E40BD063-1ABB-4BEC-AC99-477E49CAC204}.Debug|Any CPU.ActiveCfg = Debug|Any CPU
		{E40BD063-1ABB-4BEC-AC99-477E49CAC204}.Debug|Any CPU.Build.0 = Debug|Any CPU
		{E40BD063-1ABB-4BEC-AC99-477E49CAC204}.Release|Any CPU.ActiveCfg = Release|Any CPU
		{E40BD063-1ABB-4BEC-AC99-477E49CAC204}.Release|Any CPU.Build.0 = Release|Any CPU
		{818E893E-3C2C-450B-9840-E151ECBFD994}.Debug|Any CPU.ActiveCfg = Debug|Any CPU
		{818E893E-3C2C-450B-9840-E151ECBFD994}.Debug|Any CPU.Build.0 = Debug|Any CPU
		{818E893E-3C2C-450B-9840-E151ECBFD994}.Release|Any CPU.ActiveCfg = Release|Any CPU
		{818E893E-3C2C-450B-9840-E151ECBFD994}.Release|Any CPU.Build.0 = Release|Any CPU
		{E9EE4B15-6BE0-479A-869B-685D22BA3D11}.Debug|Any CPU.ActiveCfg = Debug|Any CPU
		{E9EE4B15-6BE0-479A-869B-685D22BA3D11}.Debug|Any CPU.Build.0 = Debug|Any CPU
		{E9EE4B15-6BE0-479A-869B-685D22BA3D11}.Release|Any CPU.ActiveCfg = Release|Any CPU
		{E9EE4B15-6BE0-479A-869B-685D22BA3D11}.Release|Any CPU.Build.0 = Release|Any CPU
		{76F7F17D-8714-4683-A9D4-BAF2E096BC62}.Debug|Any CPU.ActiveCfg = Debug|Any CPU
		{76F7F17D-8714-4683-A9D4-BAF2E096BC62}.Debug|Any CPU.Build.0 = Debug|Any CPU
		{76F7F17D-8714-4683-A9D4-BAF2E096BC62}.Release|Any CPU.ActiveCfg = Release|Any CPU
		{76F7F17D-8714-4683-A9D4-BAF2E096BC62}.Release|Any CPU.Build.0 = Release|Any CPU
		{D92A9BB2-321F-4B94-8798-37F8115F050F}.Debug|Any CPU.ActiveCfg = Debug|Any CPU
		{D92A9BB2-321F-4B94-8798-37F8115F050F}.Debug|Any CPU.Build.0 = Debug|Any CPU
		{D92A9BB2-321F-4B94-8798-37F8115F050F}.Release|Any CPU.ActiveCfg = Release|Any CPU
		{D92A9BB2-321F-4B94-8798-37F8115F050F}.Release|Any CPU.Build.0 = Release|Any CPU
		{969E373A-FA26-49FB-80EC-8FADF95CABDA}.Debug|Any CPU.ActiveCfg = Debug|Any CPU
		{969E373A-FA26-49FB-80EC-8FADF95CABDA}.Debug|Any CPU.Build.0 = Debug|Any CPU
		{969E373A-FA26-49FB-80EC-8FADF95CABDA}.Release|Any CPU.ActiveCfg = Release|Any CPU
		{969E373A-FA26-49FB-80EC-8FADF95CABDA}.Release|Any CPU.Build.0 = Release|Any CPU
		{FCE8E4CC-C3D2-4EB0-AD45-DD1217B08B76}.Debug|Any CPU.ActiveCfg = Debug|Any CPU
		{FCE8E4CC-C3D2-4EB0-AD45-DD1217B08B76}.Debug|Any CPU.Build.0 = Debug|Any CPU
		{FCE8E4CC-C3D2-4EB0-AD45-DD1217B08B76}.Release|Any CPU.ActiveCfg = Release|Any CPU
		{FCE8E4CC-C3D2-4EB0-AD45-DD1217B08B76}.Release|Any CPU.Build.0 = Release|Any CPU
		{1A0BD734-8C6F-48D8-9E1A-7862DB03D3B5}.Debug|Any CPU.ActiveCfg = Debug|Any CPU
		{1A0BD734-8C6F-48D8-9E1A-7862DB03D3B5}.Debug|Any CPU.Build.0 = Debug|Any CPU
		{1A0BD734-8C6F-48D8-9E1A-7862DB03D3B5}.Release|Any CPU.ActiveCfg = Release|Any CPU
		{1A0BD734-8C6F-48D8-9E1A-7862DB03D3B5}.Release|Any CPU.Build.0 = Release|Any CPU
		{9A8F1C05-C73A-4617-A332-22B4CE86BC0F}.Debug|Any CPU.ActiveCfg = Debug|Any CPU
		{9A8F1C05-C73A-4617-A332-22B4CE86BC0F}.Debug|Any CPU.Build.0 = Debug|Any CPU
		{9A8F1C05-C73A-4617-A332-22B4CE86BC0F}.Release|Any CPU.ActiveCfg = Release|Any CPU
		{9A8F1C05-C73A-4617-A332-22B4CE86BC0F}.Release|Any CPU.Build.0 = Release|Any CPU
		{8238D942-94E3-4984-BB31-D5D0C779AE5E}.Debug|Any CPU.ActiveCfg = Debug|Any CPU
		{8238D942-94E3-4984-BB31-D5D0C779AE5E}.Debug|Any CPU.Build.0 = Debug|Any CPU
		{8238D942-94E3-4984-BB31-D5D0C779AE5E}.Release|Any CPU.ActiveCfg = Release|Any CPU
		{8238D942-94E3-4984-BB31-D5D0C779AE5E}.Release|Any CPU.Build.0 = Release|Any CPU
		{BF15DB7A-4D4A-4BD1-8F99-3C2A4C847C10}.Debug|Any CPU.ActiveCfg = Debug|Any CPU
		{BF15DB7A-4D4A-4BD1-8F99-3C2A4C847C10}.Debug|Any CPU.Build.0 = Debug|Any CPU
		{BF15DB7A-4D4A-4BD1-8F99-3C2A4C847C10}.Release|Any CPU.ActiveCfg = Release|Any CPU
		{BF15DB7A-4D4A-4BD1-8F99-3C2A4C847C10}.Release|Any CPU.Build.0 = Release|Any CPU
		{093B634C-1D89-4547-8DF6-F8203150B123}.Debug|Any CPU.ActiveCfg = Debug|Any CPU
		{093B634C-1D89-4547-8DF6-F8203150B123}.Debug|Any CPU.Build.0 = Debug|Any CPU
		{093B634C-1D89-4547-8DF6-F8203150B123}.Release|Any CPU.ActiveCfg = Release|Any CPU
		{093B634C-1D89-4547-8DF6-F8203150B123}.Release|Any CPU.Build.0 = Release|Any CPU
		{E79C6073-7D6D-451E-AFDD-BA2ECAD18783}.Debug|Any CPU.ActiveCfg = Debug|Any CPU
		{E79C6073-7D6D-451E-AFDD-BA2ECAD18783}.Debug|Any CPU.Build.0 = Debug|Any CPU
		{E79C6073-7D6D-451E-AFDD-BA2ECAD18783}.Release|Any CPU.ActiveCfg = Release|Any CPU
		{E79C6073-7D6D-451E-AFDD-BA2ECAD18783}.Release|Any CPU.Build.0 = Release|Any CPU
		{E2161CD7-F478-4445-BA33-4059B09D528C}.Debug|Any CPU.ActiveCfg = Debug|Any CPU
		{E2161CD7-F478-4445-BA33-4059B09D528C}.Debug|Any CPU.Build.0 = Debug|Any CPU
		{E2161CD7-F478-4445-BA33-4059B09D528C}.Release|Any CPU.ActiveCfg = Release|Any CPU
		{E2161CD7-F478-4445-BA33-4059B09D528C}.Release|Any CPU.Build.0 = Release|Any CPU
		{90F58E2D-63E8-4717-A49F-241084C1F182}.Debug|Any CPU.ActiveCfg = Debug|Any CPU
		{90F58E2D-63E8-4717-A49F-241084C1F182}.Debug|Any CPU.Build.0 = Debug|Any CPU
		{90F58E2D-63E8-4717-A49F-241084C1F182}.Release|Any CPU.ActiveCfg = Release|Any CPU
		{90F58E2D-63E8-4717-A49F-241084C1F182}.Release|Any CPU.Build.0 = Release|Any CPU
		{707D9651-1288-4DE7-9FB9-B056DDA9EA41}.Debug|Any CPU.ActiveCfg = Debug|Any CPU
		{707D9651-1288-4DE7-9FB9-B056DDA9EA41}.Debug|Any CPU.Build.0 = Debug|Any CPU
		{707D9651-1288-4DE7-9FB9-B056DDA9EA41}.Release|Any CPU.ActiveCfg = Release|Any CPU
		{707D9651-1288-4DE7-9FB9-B056DDA9EA41}.Release|Any CPU.Build.0 = Release|Any CPU
		{EC93E5C2-DFBE-47F2-8047-39285AA7000C}.Debug|Any CPU.ActiveCfg = Debug|Any CPU
		{EC93E5C2-DFBE-47F2-8047-39285AA7000C}.Debug|Any CPU.Build.0 = Debug|Any CPU
		{EC93E5C2-DFBE-47F2-8047-39285AA7000C}.Release|Any CPU.ActiveCfg = Release|Any CPU
		{EC93E5C2-DFBE-47F2-8047-39285AA7000C}.Release|Any CPU.Build.0 = Release|Any CPU
		{97091964-26E7-4228-B648-6285480CF192}.Debug|Any CPU.ActiveCfg = Debug|Any CPU
		{97091964-26E7-4228-B648-6285480CF192}.Debug|Any CPU.Build.0 = Debug|Any CPU
		{97091964-26E7-4228-B648-6285480CF192}.Release|Any CPU.ActiveCfg = Release|Any CPU
		{97091964-26E7-4228-B648-6285480CF192}.Release|Any CPU.Build.0 = Release|Any CPU
		{27355495-112F-4494-9BDE-9C2A7A9E6714}.Debug|Any CPU.ActiveCfg = Debug|Any CPU
		{27355495-112F-4494-9BDE-9C2A7A9E6714}.Debug|Any CPU.Build.0 = Debug|Any CPU
		{27355495-112F-4494-9BDE-9C2A7A9E6714}.Release|Any CPU.ActiveCfg = Release|Any CPU
		{27355495-112F-4494-9BDE-9C2A7A9E6714}.Release|Any CPU.Build.0 = Release|Any CPU
		{9E8B98BD-5578-47FA-9585-3CABEAB48CAD}.Debug|Any CPU.ActiveCfg = Debug|Any CPU
		{9E8B98BD-5578-47FA-9585-3CABEAB48CAD}.Debug|Any CPU.Build.0 = Debug|Any CPU
		{9E8B98BD-5578-47FA-9585-3CABEAB48CAD}.Release|Any CPU.ActiveCfg = Release|Any CPU
		{9E8B98BD-5578-47FA-9585-3CABEAB48CAD}.Release|Any CPU.Build.0 = Release|Any CPU
		{9A2D6DF1-3926-46F8-8852-7BCE7563A69C}.Debug|Any CPU.ActiveCfg = Debug|Any CPU
		{9A2D6DF1-3926-46F8-8852-7BCE7563A69C}.Debug|Any CPU.Build.0 = Debug|Any CPU
		{9A2D6DF1-3926-46F8-8852-7BCE7563A69C}.Release|Any CPU.ActiveCfg = Release|Any CPU
		{9A2D6DF1-3926-46F8-8852-7BCE7563A69C}.Release|Any CPU.Build.0 = Release|Any CPU
		{BC3E89D4-5FDA-4FE0-BEF2-FA0C8D6D15A0}.Debug|Any CPU.ActiveCfg = Debug|Any CPU
		{BC3E89D4-5FDA-4FE0-BEF2-FA0C8D6D15A0}.Debug|Any CPU.Build.0 = Debug|Any CPU
		{BC3E89D4-5FDA-4FE0-BEF2-FA0C8D6D15A0}.Release|Any CPU.ActiveCfg = Release|Any CPU
		{BC3E89D4-5FDA-4FE0-BEF2-FA0C8D6D15A0}.Release|Any CPU.Build.0 = Release|Any CPU
		{A6820DE0-50C2-4ADB-AD5E-A1FCC58D9EA5}.Debug|Any CPU.ActiveCfg = Debug|Any CPU
		{A6820DE0-50C2-4ADB-AD5E-A1FCC58D9EA5}.Debug|Any CPU.Build.0 = Debug|Any CPU
		{A6820DE0-50C2-4ADB-AD5E-A1FCC58D9EA5}.Release|Any CPU.ActiveCfg = Release|Any CPU
		{A6820DE0-50C2-4ADB-AD5E-A1FCC58D9EA5}.Release|Any CPU.Build.0 = Release|Any CPU
		{37D3F1C1-8AA6-43BB-ABF7-BCF170663F97}.Debug|Any CPU.ActiveCfg = Debug|Any CPU
		{37D3F1C1-8AA6-43BB-ABF7-BCF170663F97}.Debug|Any CPU.Build.0 = Debug|Any CPU
		{37D3F1C1-8AA6-43BB-ABF7-BCF170663F97}.Release|Any CPU.ActiveCfg = Release|Any CPU
		{37D3F1C1-8AA6-43BB-ABF7-BCF170663F97}.Release|Any CPU.Build.0 = Release|Any CPU
		{D9C1F2D9-D612-4E13-AD84-A2781FF5B3D1}.Debug|Any CPU.ActiveCfg = Debug|Any CPU
		{D9C1F2D9-D612-4E13-AD84-A2781FF5B3D1}.Debug|Any CPU.Build.0 = Debug|Any CPU
		{D9C1F2D9-D612-4E13-AD84-A2781FF5B3D1}.Release|Any CPU.ActiveCfg = Release|Any CPU
		{D9C1F2D9-D612-4E13-AD84-A2781FF5B3D1}.Release|Any CPU.Build.0 = Release|Any CPU
		{53CE51D1-40DF-488D-8248-F57B0A38C659}.Debug|Any CPU.ActiveCfg = Debug|Any CPU
		{53CE51D1-40DF-488D-8248-F57B0A38C659}.Debug|Any CPU.Build.0 = Debug|Any CPU
		{53CE51D1-40DF-488D-8248-F57B0A38C659}.Release|Any CPU.ActiveCfg = Release|Any CPU
		{53CE51D1-40DF-488D-8248-F57B0A38C659}.Release|Any CPU.Build.0 = Release|Any CPU
		{082A9B3F-B1F1-46E3-9D38-B80EE919AD4C}.Debug|Any CPU.ActiveCfg = Debug|Any CPU
		{082A9B3F-B1F1-46E3-9D38-B80EE919AD4C}.Debug|Any CPU.Build.0 = Debug|Any CPU
		{082A9B3F-B1F1-46E3-9D38-B80EE919AD4C}.Release|Any CPU.ActiveCfg = Release|Any CPU
		{082A9B3F-B1F1-46E3-9D38-B80EE919AD4C}.Release|Any CPU.Build.0 = Release|Any CPU
		{9BDC3169-E912-420D-ACAF-787202175459}.Debug|Any CPU.ActiveCfg = Debug|Any CPU
		{9BDC3169-E912-420D-ACAF-787202175459}.Debug|Any CPU.Build.0 = Debug|Any CPU
		{9BDC3169-E912-420D-ACAF-787202175459}.Release|Any CPU.ActiveCfg = Release|Any CPU
		{9BDC3169-E912-420D-ACAF-787202175459}.Release|Any CPU.Build.0 = Release|Any CPU
		{51DD702B-1708-4D98-941C-C4E28BA8DA15}.Debug|Any CPU.ActiveCfg = Debug|Any CPU
		{51DD702B-1708-4D98-941C-C4E28BA8DA15}.Debug|Any CPU.Build.0 = Debug|Any CPU
		{51DD702B-1708-4D98-941C-C4E28BA8DA15}.Release|Any CPU.ActiveCfg = Release|Any CPU
		{51DD702B-1708-4D98-941C-C4E28BA8DA15}.Release|Any CPU.Build.0 = Release|Any CPU
		{D21CA411-82BB-4525-9B3F-5F8BF07448A9}.Debug|Any CPU.ActiveCfg = Debug|Any CPU
		{D21CA411-82BB-4525-9B3F-5F8BF07448A9}.Debug|Any CPU.Build.0 = Debug|Any CPU
		{D21CA411-82BB-4525-9B3F-5F8BF07448A9}.Release|Any CPU.ActiveCfg = Release|Any CPU
		{D21CA411-82BB-4525-9B3F-5F8BF07448A9}.Release|Any CPU.Build.0 = Release|Any CPU
		{6779436D-C291-410B-9FD5-7D80C03F70B5}.Debug|Any CPU.ActiveCfg = Debug|Any CPU
		{6779436D-C291-410B-9FD5-7D80C03F70B5}.Debug|Any CPU.Build.0 = Debug|Any CPU
		{6779436D-C291-410B-9FD5-7D80C03F70B5}.Release|Any CPU.ActiveCfg = Release|Any CPU
		{6779436D-C291-410B-9FD5-7D80C03F70B5}.Release|Any CPU.Build.0 = Release|Any CPU
		{17B62D07-7145-4565-9A99-EFA10859DEBC}.Debug|Any CPU.ActiveCfg = Debug|Any CPU
		{17B62D07-7145-4565-9A99-EFA10859DEBC}.Debug|Any CPU.Build.0 = Debug|Any CPU
		{17B62D07-7145-4565-9A99-EFA10859DEBC}.Release|Any CPU.ActiveCfg = Release|Any CPU
		{17B62D07-7145-4565-9A99-EFA10859DEBC}.Release|Any CPU.Build.0 = Release|Any CPU
		{D35F3D86-5315-487B-A353-BE1C835367C9}.Debug|Any CPU.ActiveCfg = Debug|Any CPU
		{D35F3D86-5315-487B-A353-BE1C835367C9}.Debug|Any CPU.Build.0 = Debug|Any CPU
		{D35F3D86-5315-487B-A353-BE1C835367C9}.Release|Any CPU.ActiveCfg = Release|Any CPU
		{D35F3D86-5315-487B-A353-BE1C835367C9}.Release|Any CPU.Build.0 = Release|Any CPU
		{2564A0A6-DA94-41EF-8064-E5A8D24EF9D5}.Debug|Any CPU.ActiveCfg = Debug|Any CPU
		{2564A0A6-DA94-41EF-8064-E5A8D24EF9D5}.Debug|Any CPU.Build.0 = Debug|Any CPU
		{2564A0A6-DA94-41EF-8064-E5A8D24EF9D5}.Release|Any CPU.ActiveCfg = Release|Any CPU
		{2564A0A6-DA94-41EF-8064-E5A8D24EF9D5}.Release|Any CPU.Build.0 = Release|Any CPU
		{4F424BC1-AFD1-4EBE-B6FC-CBD817D922A3}.Debug|Any CPU.ActiveCfg = Debug|Any CPU
		{4F424BC1-AFD1-4EBE-B6FC-CBD817D922A3}.Debug|Any CPU.Build.0 = Debug|Any CPU
		{4F424BC1-AFD1-4EBE-B6FC-CBD817D922A3}.Release|Any CPU.ActiveCfg = Release|Any CPU
		{4F424BC1-AFD1-4EBE-B6FC-CBD817D922A3}.Release|Any CPU.Build.0 = Release|Any CPU
		{2A7B2C8A-9430-47A7-A88C-13CEB395D921}.Debug|Any CPU.ActiveCfg = Debug|Any CPU
		{2A7B2C8A-9430-47A7-A88C-13CEB395D921}.Debug|Any CPU.Build.0 = Debug|Any CPU
		{2A7B2C8A-9430-47A7-A88C-13CEB395D921}.Release|Any CPU.ActiveCfg = Release|Any CPU
		{2A7B2C8A-9430-47A7-A88C-13CEB395D921}.Release|Any CPU.Build.0 = Release|Any CPU
		{4265ABC0-10F0-4A88-A893-C5A4CC745CE2}.Debug|Any CPU.ActiveCfg = Debug|Any CPU
		{4265ABC0-10F0-4A88-A893-C5A4CC745CE2}.Debug|Any CPU.Build.0 = Debug|Any CPU
		{4265ABC0-10F0-4A88-A893-C5A4CC745CE2}.Release|Any CPU.ActiveCfg = Release|Any CPU
		{4265ABC0-10F0-4A88-A893-C5A4CC745CE2}.Release|Any CPU.Build.0 = Release|Any CPU
		{60395462-79CD-413A-98F2-8EDE10F36B24}.Debug|Any CPU.ActiveCfg = Debug|Any CPU
		{60395462-79CD-413A-98F2-8EDE10F36B24}.Debug|Any CPU.Build.0 = Debug|Any CPU
		{60395462-79CD-413A-98F2-8EDE10F36B24}.Release|Any CPU.ActiveCfg = Release|Any CPU
		{60395462-79CD-413A-98F2-8EDE10F36B24}.Release|Any CPU.Build.0 = Release|Any CPU
		{FBC6110D-19FE-4DF8-8723-0462056B26B9}.Debug|Any CPU.ActiveCfg = Debug|Any CPU
		{FBC6110D-19FE-4DF8-8723-0462056B26B9}.Debug|Any CPU.Build.0 = Debug|Any CPU
		{FBC6110D-19FE-4DF8-8723-0462056B26B9}.Release|Any CPU.ActiveCfg = Release|Any CPU
		{FBC6110D-19FE-4DF8-8723-0462056B26B9}.Release|Any CPU.Build.0 = Release|Any CPU
		{FF57F3AE-0E35-46B4-B959-4E4D4AEAE7A2}.Debug|Any CPU.ActiveCfg = Debug|Any CPU
		{FF57F3AE-0E35-46B4-B959-4E4D4AEAE7A2}.Debug|Any CPU.Build.0 = Debug|Any CPU
		{FF57F3AE-0E35-46B4-B959-4E4D4AEAE7A2}.Release|Any CPU.ActiveCfg = Release|Any CPU
		{FF57F3AE-0E35-46B4-B959-4E4D4AEAE7A2}.Release|Any CPU.Build.0 = Release|Any CPU
		{D40DBCBC-E3CF-4E9C-8656-534D74475847}.Debug|Any CPU.ActiveCfg = Debug|Any CPU
		{D40DBCBC-E3CF-4E9C-8656-534D74475847}.Debug|Any CPU.Build.0 = Debug|Any CPU
		{D40DBCBC-E3CF-4E9C-8656-534D74475847}.Release|Any CPU.ActiveCfg = Release|Any CPU
		{D40DBCBC-E3CF-4E9C-8656-534D74475847}.Release|Any CPU.Build.0 = Release|Any CPU
		{B4131EB4-C373-40F6-8396-25C95BCEA941}.Debug|Any CPU.ActiveCfg = Debug|Any CPU
		{B4131EB4-C373-40F6-8396-25C95BCEA941}.Debug|Any CPU.Build.0 = Debug|Any CPU
		{B4131EB4-C373-40F6-8396-25C95BCEA941}.Release|Any CPU.ActiveCfg = Release|Any CPU
		{B4131EB4-C373-40F6-8396-25C95BCEA941}.Release|Any CPU.Build.0 = Release|Any CPU
		{C109DB14-63CC-422E-93B6-EE529A65920B}.Debug|Any CPU.ActiveCfg = Debug|Any CPU
		{C109DB14-63CC-422E-93B6-EE529A65920B}.Debug|Any CPU.Build.0 = Debug|Any CPU
		{C109DB14-63CC-422E-93B6-EE529A65920B}.Release|Any CPU.ActiveCfg = Release|Any CPU
		{C109DB14-63CC-422E-93B6-EE529A65920B}.Release|Any CPU.Build.0 = Release|Any CPU
		{13F47DB2-DE27-4452-8F44-56F7EE3642C9}.Debug|Any CPU.ActiveCfg = Debug|Any CPU
		{13F47DB2-DE27-4452-8F44-56F7EE3642C9}.Debug|Any CPU.Build.0 = Debug|Any CPU
		{13F47DB2-DE27-4452-8F44-56F7EE3642C9}.Release|Any CPU.ActiveCfg = Release|Any CPU
		{13F47DB2-DE27-4452-8F44-56F7EE3642C9}.Release|Any CPU.Build.0 = Release|Any CPU
		{FBDBF748-9A96-42BB-8CFF-08DC8DAD00F3}.Debug|Any CPU.ActiveCfg = Debug|Any CPU
		{FBDBF748-9A96-42BB-8CFF-08DC8DAD00F3}.Debug|Any CPU.Build.0 = Debug|Any CPU
		{FBDBF748-9A96-42BB-8CFF-08DC8DAD00F3}.Release|Any CPU.ActiveCfg = Release|Any CPU
		{FBDBF748-9A96-42BB-8CFF-08DC8DAD00F3}.Release|Any CPU.Build.0 = Release|Any CPU
		{806E7D35-16E9-47FA-A373-345E6EE50186}.Debug|Any CPU.ActiveCfg = Debug|Any CPU
		{806E7D35-16E9-47FA-A373-345E6EE50186}.Debug|Any CPU.Build.0 = Debug|Any CPU
		{806E7D35-16E9-47FA-A373-345E6EE50186}.Release|Any CPU.ActiveCfg = Release|Any CPU
		{806E7D35-16E9-47FA-A373-345E6EE50186}.Release|Any CPU.Build.0 = Release|Any CPU
		{97FCC714-187A-4A88-AE38-357955742677}.Debug|Any CPU.ActiveCfg = Debug|Any CPU
		{97FCC714-187A-4A88-AE38-357955742677}.Debug|Any CPU.Build.0 = Debug|Any CPU
		{97FCC714-187A-4A88-AE38-357955742677}.Release|Any CPU.ActiveCfg = Release|Any CPU
		{97FCC714-187A-4A88-AE38-357955742677}.Release|Any CPU.Build.0 = Release|Any CPU
		{D3D69D2E-44F9-4A8C-B335-21151430AC9B}.Debug|Any CPU.ActiveCfg = Debug|Any CPU
		{D3D69D2E-44F9-4A8C-B335-21151430AC9B}.Debug|Any CPU.Build.0 = Debug|Any CPU
		{D3D69D2E-44F9-4A8C-B335-21151430AC9B}.Release|Any CPU.ActiveCfg = Release|Any CPU
		{D3D69D2E-44F9-4A8C-B335-21151430AC9B}.Release|Any CPU.Build.0 = Release|Any CPU
	EndGlobalSection
	GlobalSection(SolutionProperties) = preSolution
		HideSolutionNode = FALSE
	EndGlobalSection
	GlobalSection(NestedProjects) = preSolution
		{5C2C4665-B3BA-4616-9194-35C17EB935C7} = {11B59028-DE46-466F-97F3-7ED79E78DC71}
		{CB0572BC-E349-431D-854E-9A5E8FBAB707} = {11B59028-DE46-466F-97F3-7ED79E78DC71}
		{218FD641-95A4-4C83-87AE-AF2409EE1A16} = {11B59028-DE46-466F-97F3-7ED79E78DC71}
		{4D00E0FD-260A-4B5D-96CF-9D52876AC7E9} = {11B59028-DE46-466F-97F3-7ED79E78DC71}
		{548A9CDA-6148-4B5D-9EAB-EC7385F99D40} = {11B59028-DE46-466F-97F3-7ED79E78DC71}
		{7469D3D7-D1AF-4D92-B824-DA9C0FB2604C} = {11B59028-DE46-466F-97F3-7ED79E78DC71}
		{1DCC5267-E3F6-40B1-AC80-F72E7CC32C95} = {11B59028-DE46-466F-97F3-7ED79E78DC71}
		{3278A922-386B-4A9E-BA8B-6D3A25792BAA} = {11B59028-DE46-466F-97F3-7ED79E78DC71}
		{05E843AD-E1EF-4665-885E-1F76F62705CE} = {11B59028-DE46-466F-97F3-7ED79E78DC71}
		{7EC2F8F5-869C-4F40-BEEB-E89C49E7D2FC} = {11B59028-DE46-466F-97F3-7ED79E78DC71}
		{DF0A77E8-3B14-46AB-8A58-4BC98D503721} = {11B59028-DE46-466F-97F3-7ED79E78DC71}
		{DCE66F44-2FEE-4E2F-9260-678F2D90F9E0} = {11B59028-DE46-466F-97F3-7ED79E78DC71}
		{A2054C31-0644-458F-B362-8D747319210B} = {11B59028-DE46-466F-97F3-7ED79E78DC71}
		{BE49F485-5DE1-447D-8D6E-A490DF6F1B03} = {11B59028-DE46-466F-97F3-7ED79E78DC71}
		{12CFC389-C816-4B5E-81AA-8EE2DF19FD68} = {11B59028-DE46-466F-97F3-7ED79E78DC71}
		{1B93DE94-CDAE-4288-9F75-DA8867BF246E} = {11B59028-DE46-466F-97F3-7ED79E78DC71}
		{B070EE67-8EBF-455D-B41A-C1043DF14B76} = {11B59028-DE46-466F-97F3-7ED79E78DC71}
		{C8645090-1A02-42B1-AE83-B6B6A769C66E} = {11B59028-DE46-466F-97F3-7ED79E78DC71}
		{3CA87527-8793-44C7-9397-DB2A836B2606} = {11B59028-DE46-466F-97F3-7ED79E78DC71}
		{5840F541-238B-4C81-9C0C-9DE447A6C267} = {11B59028-DE46-466F-97F3-7ED79E78DC71}
		{651CBD92-9E00-4C87-BE87-DD63B97C2D2F} = {11B59028-DE46-466F-97F3-7ED79E78DC71}
		{AE595904-B7CB-42C2-8F32-EE5D545990D6} = {11B59028-DE46-466F-97F3-7ED79E78DC71}
		{7633541B-3E13-4F41-8EF1-52581DC6716A} = {11B59028-DE46-466F-97F3-7ED79E78DC71}
		{E7EEF721-345F-4576-B410-9ADAFEDC286F} = {11B59028-DE46-466F-97F3-7ED79E78DC71}
		{D0C22558-D9AF-4781-A166-BA70C12CC5D5} = {11B59028-DE46-466F-97F3-7ED79E78DC71}
		{A89B8FB3-4ADB-4516-B749-F9BF57A52455} = {11B59028-DE46-466F-97F3-7ED79E78DC71}
		{CC2D9E59-7174-4658-9AA0-1111DA8938CB} = {66C117D6-AE02-4FF7-BF26-AE19B8AEC746}
		{0B9EC8B2-4422-4708-B685-798531D4C336} = {66C117D6-AE02-4FF7-BF26-AE19B8AEC746}
		{D2B0C839-0C8E-42BB-9AF3-F904CA6B7959} = {66C117D6-AE02-4FF7-BF26-AE19B8AEC746}
		{4873F331-C58D-4211-98C8-FAB56143976D} = {66C117D6-AE02-4FF7-BF26-AE19B8AEC746}
		{8855D1DC-1397-45A9-AC45-3E46C8F85BBC} = {66C117D6-AE02-4FF7-BF26-AE19B8AEC746}
		{B53CC596-2701-40FF-B53F-DBC8B5A8A0D5} = {66C117D6-AE02-4FF7-BF26-AE19B8AEC746}
		{DA1FD7E2-C36B-4D0F-B8C5-418F801AB3BC} = {66C117D6-AE02-4FF7-BF26-AE19B8AEC746}
		{706B9A96-7151-4E8B-973C-9309B884EDB3} = {66C117D6-AE02-4FF7-BF26-AE19B8AEC746}
		{3FFCBE3A-B6A0-4F2C-B965-EF61195FFFD7} = {66C117D6-AE02-4FF7-BF26-AE19B8AEC746}
		{CBFDFA29-BA50-4311-B861-EDADCC4D0767} = {66C117D6-AE02-4FF7-BF26-AE19B8AEC746}
		{5AB7DFF7-3291-4529-BE71-CC386C4F8C19} = {66C117D6-AE02-4FF7-BF26-AE19B8AEC746}
		{5C8BF407-353A-4408-85C1-A6E3F73C6E55} = {66C117D6-AE02-4FF7-BF26-AE19B8AEC746}
		{FF0D0129-E4E5-4CC6-9D46-480619F87F85} = {66C117D6-AE02-4FF7-BF26-AE19B8AEC746}
		{5CA8430E-DCF9-4279-A3C9-38013B6903C7} = {66C117D6-AE02-4FF7-BF26-AE19B8AEC746}
		{FBE8D3DF-0D27-476F-A332-57A651AEF86A} = {66C117D6-AE02-4FF7-BF26-AE19B8AEC746}
		{A86FE5B3-093C-4B15-BFCC-1D4BE21F26B2} = {66C117D6-AE02-4FF7-BF26-AE19B8AEC746}
		{3D31F005-EF2F-4E97-89E8-C0151482F06D} = {66C117D6-AE02-4FF7-BF26-AE19B8AEC746}
		{D3939E08-1A81-44B4-BB44-650323BADBBE} = {66C117D6-AE02-4FF7-BF26-AE19B8AEC746}
		{AFE1121D-0678-4B3F-BEB3-3770C3B5519C} = {66C117D6-AE02-4FF7-BF26-AE19B8AEC746}
		{AD79E163-C159-43FC-B5F8-20ED60E8EDA5} = {66C117D6-AE02-4FF7-BF26-AE19B8AEC746}
		{CCD81127-8C2C-4A32-9D10-82EE59FD542E} = {66C117D6-AE02-4FF7-BF26-AE19B8AEC746}
		{7E0E0D7C-466E-4851-B493-F254BFEE64E7} = {66C117D6-AE02-4FF7-BF26-AE19B8AEC746}
		{16E2026D-6968-40E0-A9A8-924DB0F15526} = {66C117D6-AE02-4FF7-BF26-AE19B8AEC746}
		{B0F96BB3-2914-49E3-8A1E-B40E4A6498D5} = {66C117D6-AE02-4FF7-BF26-AE19B8AEC746}
		{3B8F0903-78B7-45FA-8F4B-B4642937636E} = {66C117D6-AE02-4FF7-BF26-AE19B8AEC746}
		{79B46D3A-DF58-4A59-8808-B6A106472BCF} = {66C117D6-AE02-4FF7-BF26-AE19B8AEC746}
		{842C8D34-A4C6-45BD-A31A-CBDFFFA4876A} = {66C117D6-AE02-4FF7-BF26-AE19B8AEC746}
		{F2D8BE40-4E46-4B21-A3B6-9349FD6D6DB1} = {BA36C951-359A-400D-A713-6E44F1241C9C}
		{B9986A5B-5FB8-4F2B-885A-759025A0C648} = {BA36C951-359A-400D-A713-6E44F1241C9C}
		{5618DF2E-AC17-4AF3-B94C-EE0426DEF2F3} = {BA36C951-359A-400D-A713-6E44F1241C9C}
		{88F3DE7B-B8E7-4626-8741-327EF6892D64} = {BA36C951-359A-400D-A713-6E44F1241C9C}
		{1B4727DE-82FD-4AB1-8AF2-C5EFAD133053} = {BA36C951-359A-400D-A713-6E44F1241C9C}
		{91FC71BE-49CD-4418-B77A-1AF49ACBCCA8} = {BA36C951-359A-400D-A713-6E44F1241C9C}
		{19F8CCB3-BCB0-426D-8D20-86023CA0588D} = {BA36C951-359A-400D-A713-6E44F1241C9C}
		{51BBED63-1DF7-4EBD-B7A0-8AAB1980BC25} = {BA36C951-359A-400D-A713-6E44F1241C9C}
		{53892B65-C2D5-48E6-8650-7EDCA6D6ACBB} = {BA36C951-359A-400D-A713-6E44F1241C9C}
		{C37E0778-CCBB-414B-95D0-BCA5BD26F768} = {BA36C951-359A-400D-A713-6E44F1241C9C}
		{E60D1C34-94AB-430B-AF0F-2079CBF2105B} = {BA36C951-359A-400D-A713-6E44F1241C9C}
		{A26EC301-30DF-4F54-98D3-7204753F9146} = {BA36C951-359A-400D-A713-6E44F1241C9C}
		{4CD24C04-ACBD-4FD2-897D-554F708CB51D} = {BA36C951-359A-400D-A713-6E44F1241C9C}
		{298FE517-545D-4FE0-953E-571D97C5E0C5} = {BA36C951-359A-400D-A713-6E44F1241C9C}
		{A6FB9665-EF5C-439D-9D80-8C13DC7E8A20} = {BA36C951-359A-400D-A713-6E44F1241C9C}
		{96A59735-8E4D-42B3-B8A4-2CBAA2C73830} = {BA36C951-359A-400D-A713-6E44F1241C9C}
		{5200A54B-D9F0-4AD9-909C-A979A3A85937} = {BA36C951-359A-400D-A713-6E44F1241C9C}
		{3BCD3CBB-998E-4793-97D0-C62BB29F513B} = {BA36C951-359A-400D-A713-6E44F1241C9C}
		{B5E3168E-BA98-4DE9-9978-4DC6900CDA24} = {BA36C951-359A-400D-A713-6E44F1241C9C}
		{39F84677-C291-45FC-8C45-73274CE8CBC7} = {BA36C951-359A-400D-A713-6E44F1241C9C}
		{B8E0FE3F-C970-4050-AF8A-2F1E16DD76F6} = {BA36C951-359A-400D-A713-6E44F1241C9C}
		{BDB3CC03-DCC1-432D-B4CF-2DA7F6F595B5} = {BA36C951-359A-400D-A713-6E44F1241C9C}
		{9C68F61C-DB51-4FC3-81CE-D1B9D6707C96} = {BA36C951-359A-400D-A713-6E44F1241C9C}
		{050184FE-9238-40C3-9715-6A23B33E029A} = {BA36C951-359A-400D-A713-6E44F1241C9C}
		{33947E0D-DF4D-4DB8-8F90-5506F45AF1A2} = {BA36C951-359A-400D-A713-6E44F1241C9C}
		{E40BD063-1ABB-4BEC-AC99-477E49CAC204} = {BA36C951-359A-400D-A713-6E44F1241C9C}
		{818E893E-3C2C-450B-9840-E151ECBFD994} = {BA36C951-359A-400D-A713-6E44F1241C9C}
		{E9EE4B15-6BE0-479A-869B-685D22BA3D11} = {BA36C951-359A-400D-A713-6E44F1241C9C}
		{76F7F17D-8714-4683-A9D4-BAF2E096BC62} = {3691184E-FBE4-4A69-BC20-8A58F4704429}
		{D92A9BB2-321F-4B94-8798-37F8115F050F} = {3691184E-FBE4-4A69-BC20-8A58F4704429}
		{969E373A-FA26-49FB-80EC-8FADF95CABDA} = {3691184E-FBE4-4A69-BC20-8A58F4704429}
		{FCE8E4CC-C3D2-4EB0-AD45-DD1217B08B76} = {3691184E-FBE4-4A69-BC20-8A58F4704429}
		{1A0BD734-8C6F-48D8-9E1A-7862DB03D3B5} = {3691184E-FBE4-4A69-BC20-8A58F4704429}
		{9A8F1C05-C73A-4617-A332-22B4CE86BC0F} = {3691184E-FBE4-4A69-BC20-8A58F4704429}
		{8238D942-94E3-4984-BB31-D5D0C779AE5E} = {3691184E-FBE4-4A69-BC20-8A58F4704429}
		{BF15DB7A-4D4A-4BD1-8F99-3C2A4C847C10} = {3691184E-FBE4-4A69-BC20-8A58F4704429}
		{093B634C-1D89-4547-8DF6-F8203150B123} = {3691184E-FBE4-4A69-BC20-8A58F4704429}
		{E79C6073-7D6D-451E-AFDD-BA2ECAD18783} = {3691184E-FBE4-4A69-BC20-8A58F4704429}
		{E2161CD7-F478-4445-BA33-4059B09D528C} = {3691184E-FBE4-4A69-BC20-8A58F4704429}
		{90F58E2D-63E8-4717-A49F-241084C1F182} = {3691184E-FBE4-4A69-BC20-8A58F4704429}
		{707D9651-1288-4DE7-9FB9-B056DDA9EA41} = {3691184E-FBE4-4A69-BC20-8A58F4704429}
		{EC93E5C2-DFBE-47F2-8047-39285AA7000C} = {3691184E-FBE4-4A69-BC20-8A58F4704429}
		{97091964-26E7-4228-B648-6285480CF192} = {3691184E-FBE4-4A69-BC20-8A58F4704429}
		{27355495-112F-4494-9BDE-9C2A7A9E6714} = {3691184E-FBE4-4A69-BC20-8A58F4704429}
		{9E8B98BD-5578-47FA-9585-3CABEAB48CAD} = {3691184E-FBE4-4A69-BC20-8A58F4704429}
		{9A2D6DF1-3926-46F8-8852-7BCE7563A69C} = {3691184E-FBE4-4A69-BC20-8A58F4704429}
		{BC3E89D4-5FDA-4FE0-BEF2-FA0C8D6D15A0} = {3691184E-FBE4-4A69-BC20-8A58F4704429}
		{A6820DE0-50C2-4ADB-AD5E-A1FCC58D9EA5} = {3691184E-FBE4-4A69-BC20-8A58F4704429}
		{37D3F1C1-8AA6-43BB-ABF7-BCF170663F97} = {3691184E-FBE4-4A69-BC20-8A58F4704429}
		{D9C1F2D9-D612-4E13-AD84-A2781FF5B3D1} = {3691184E-FBE4-4A69-BC20-8A58F4704429}
		{53CE51D1-40DF-488D-8248-F57B0A38C659} = {2278FB33-1347-409F-BA54-9A4F94D9BB1C}
		{082A9B3F-B1F1-46E3-9D38-B80EE919AD4C} = {2278FB33-1347-409F-BA54-9A4F94D9BB1C}
		{9BDC3169-E912-420D-ACAF-787202175459} = {2278FB33-1347-409F-BA54-9A4F94D9BB1C}
		{51DD702B-1708-4D98-941C-C4E28BA8DA15} = {2278FB33-1347-409F-BA54-9A4F94D9BB1C}
		{D21CA411-82BB-4525-9B3F-5F8BF07448A9} = {2278FB33-1347-409F-BA54-9A4F94D9BB1C}
		{6779436D-C291-410B-9FD5-7D80C03F70B5} = {2278FB33-1347-409F-BA54-9A4F94D9BB1C}
		{17B62D07-7145-4565-9A99-EFA10859DEBC} = {2278FB33-1347-409F-BA54-9A4F94D9BB1C}
		{D35F3D86-5315-487B-A353-BE1C835367C9} = {2278FB33-1347-409F-BA54-9A4F94D9BB1C}
		{2564A0A6-DA94-41EF-8064-E5A8D24EF9D5} = {2278FB33-1347-409F-BA54-9A4F94D9BB1C}
		{4F424BC1-AFD1-4EBE-B6FC-CBD817D922A3} = {2278FB33-1347-409F-BA54-9A4F94D9BB1C}
		{2A7B2C8A-9430-47A7-A88C-13CEB395D921} = {2278FB33-1347-409F-BA54-9A4F94D9BB1C}
		{4265ABC0-10F0-4A88-A893-C5A4CC745CE2} = {2278FB33-1347-409F-BA54-9A4F94D9BB1C}
		{60395462-79CD-413A-98F2-8EDE10F36B24} = {2278FB33-1347-409F-BA54-9A4F94D9BB1C}
		{FBC6110D-19FE-4DF8-8723-0462056B26B9} = {2278FB33-1347-409F-BA54-9A4F94D9BB1C}
		{FF57F3AE-0E35-46B4-B959-4E4D4AEAE7A2} = {2278FB33-1347-409F-BA54-9A4F94D9BB1C}
		{D40DBCBC-E3CF-4E9C-8656-534D74475847} = {2278FB33-1347-409F-BA54-9A4F94D9BB1C}
		{B4131EB4-C373-40F6-8396-25C95BCEA941} = {2278FB33-1347-409F-BA54-9A4F94D9BB1C}
		{C109DB14-63CC-422E-93B6-EE529A65920B} = {2278FB33-1347-409F-BA54-9A4F94D9BB1C}
		{13F47DB2-DE27-4452-8F44-56F7EE3642C9} = {2278FB33-1347-409F-BA54-9A4F94D9BB1C}
		{FBDBF748-9A96-42BB-8CFF-08DC8DAD00F3} = {2278FB33-1347-409F-BA54-9A4F94D9BB1C}
		{806E7D35-16E9-47FA-A373-345E6EE50186} = {2278FB33-1347-409F-BA54-9A4F94D9BB1C}
		{97FCC714-187A-4A88-AE38-357955742677} = {2278FB33-1347-409F-BA54-9A4F94D9BB1C}
		{D3D69D2E-44F9-4A8C-B335-21151430AC9B} = {2278FB33-1347-409F-BA54-9A4F94D9BB1C}
	EndGlobalSection
EndGlobal
